// !$*UTF8*$!
{
	archiveVersion = 1;
	classes = {
	};
	objectVersion = 46;
	objects = {

/* Begin PBXBuildFile section */
		6A6AEB8D1D61A2D200265420 /* YTKKeyValueStore.m in Sources */ = {isa = PBXBuildFile; fileRef = 6A6AEB8C1D61A2D200265420 /* YTKKeyValueStore.m */; };
		6A9127711D4B42C6000E065D /* YYCache.m in Sources */ = {isa = PBXBuildFile; fileRef = 6A91276A1D4B42C6000E065D /* YYCache.m */; };
		6A9127721D4B42C6000E065D /* YYDiskCache.m in Sources */ = {isa = PBXBuildFile; fileRef = 6A91276C1D4B42C6000E065D /* YYDiskCache.m */; };
		6A9127731D4B42C6000E065D /* YYKVStorage.m in Sources */ = {isa = PBXBuildFile; fileRef = 6A91276E1D4B42C6000E065D /* YYKVStorage.m */; };
		6A9127741D4B42C6000E065D /* YYMemoryCache.m in Sources */ = {isa = PBXBuildFile; fileRef = 6A9127701D4B42C6000E065D /* YYMemoryCache.m */; };
		7F06A6AE1CE05ADD006B9CA4 /* main.m in Sources */ = {isa = PBXBuildFile; fileRef = 7F06A6AD1CE05ADD006B9CA4 /* main.m */; };
		7F06A6B11CE05ADD006B9CA4 /* AppDelegate.m in Sources */ = {isa = PBXBuildFile; fileRef = 7F06A6B01CE05ADD006B9CA4 /* AppDelegate.m */; };
		7F06A6B91CE05ADD006B9CA4 /* Assets.xcassets in Resources */ = {isa = PBXBuildFile; fileRef = 7F06A6B81CE05ADD006B9CA4 /* Assets.xcassets */; };
		7F06A6BC1CE05ADD006B9CA4 /* LaunchScreen.storyboard in Resources */ = {isa = PBXBuildFile; fileRef = 7F06A6BA1CE05ADD006B9CA4 /* LaunchScreen.storyboard */; };
		7F06A6C71CE05ADD006B9CA4 /* iPhoneGLASSTests.m in Sources */ = {isa = PBXBuildFile; fileRef = 7F06A6C61CE05ADD006B9CA4 /* iPhoneGLASSTests.m */; };
		7F06A6D21CE05ADD006B9CA4 /* iPhoneGLASSUITests.m in Sources */ = {isa = PBXBuildFile; fileRef = 7F06A6D11CE05ADD006B9CA4 /* iPhoneGLASSUITests.m */; };
		7F06A6E51CEAEB90006B9CA4 /* OrderTVC.m in Sources */ = {isa = PBXBuildFile; fileRef = 7F06A6E41CEAEB90006B9CA4 /* OrderTVC.m */; };
		7F06A6EF1CEAF101006B9CA4 /* WWLoadVC.m in Sources */ = {isa = PBXBuildFile; fileRef = 7F06A6ED1CEAF101006B9CA4 /* WWLoadVC.m */; };
		7F06A6F01CEAF101006B9CA4 /* WWLoadVC.xib in Resources */ = {isa = PBXBuildFile; fileRef = 7F06A6EE1CEAF101006B9CA4 /* WWLoadVC.xib */; };
		7F0E98AC1CFE7E8F0051C503 /* NSCalendar+ST.m in Sources */ = {isa = PBXBuildFile; fileRef = 7F0E98A91CFE7E8F0051C503 /* NSCalendar+ST.m */; };
		7F0E98AD1CFE7E8F0051C503 /* STPickerDate.m in Sources */ = {isa = PBXBuildFile; fileRef = 7F0E98AB1CFE7E8F0051C503 /* STPickerDate.m */; };
		7F0E98B11CFE7F120051C503 /* STToolbar.m in Sources */ = {isa = PBXBuildFile; fileRef = 7F0E98B01CFE7F120051C503 /* STToolbar.m */; };
		7F0E98B81CFE7F5E0051C503 /* STConst.m in Sources */ = {isa = PBXBuildFile; fileRef = 7F0E98B31CFE7F5E0051C503 /* STConst.m */; };
		7F0E98B91CFE7F5E0051C503 /* STUI.m in Sources */ = {isa = PBXBuildFile; fileRef = 7F0E98B51CFE7F5E0051C503 /* STUI.m */; };
		7F0E98BA1CFE7F5E0051C503 /* UIView+ST.m in Sources */ = {isa = PBXBuildFile; fileRef = 7F0E98B71CFE7F5E0051C503 /* UIView+ST.m */; };
		7F0E98C41CFE90DC0051C503 /* ScanViewController.m in Sources */ = {isa = PBXBuildFile; fileRef = 7F0E98C21CFE90DC0051C503 /* ScanViewController.m */; };
		7F0E98C51CFE90DC0051C503 /* ScanViewController.xib in Resources */ = {isa = PBXBuildFile; fileRef = 7F0E98C31CFE90DC0051C503 /* ScanViewController.xib */; };
		7F0E98C91CFEAFF10051C503 /* ResultViewController.m in Sources */ = {isa = PBXBuildFile; fileRef = 7F0E98C71CFEAFF10051C503 /* ResultViewController.m */; };
		7F0E98CA1CFEAFF10051C503 /* ResultViewController.xib in Resources */ = {isa = PBXBuildFile; fileRef = 7F0E98C81CFEAFF10051C503 /* ResultViewController.xib */; };
		7F0E98CE1CFEB1800051C503 /* ResultCell.m in Sources */ = {isa = PBXBuildFile; fileRef = 7F0E98CC1CFEB1800051C503 /* ResultCell.m */; };
		7F0E98CF1CFEB1800051C503 /* ResultCell.xib in Resources */ = {isa = PBXBuildFile; fileRef = 7F0E98CD1CFEB1800051C503 /* ResultCell.xib */; };
		7F0E98D41CFED2EA0051C503 /* MBProgressHUD.m in Sources */ = {isa = PBXBuildFile; fileRef = 7F0E98D31CFED2EA0051C503 /* MBProgressHUD.m */; };
		7F0E99021CFED9B90051C503 /* MJRefreshAutoFooter.m in Sources */ = {isa = PBXBuildFile; fileRef = 7F0E98D81CFED9B80051C503 /* MJRefreshAutoFooter.m */; };
		7F0E99031CFED9B90051C503 /* MJRefreshBackFooter.m in Sources */ = {isa = PBXBuildFile; fileRef = 7F0E98DA1CFED9B80051C503 /* MJRefreshBackFooter.m */; };
		7F0E99041CFED9B90051C503 /* MJRefreshComponent.m in Sources */ = {isa = PBXBuildFile; fileRef = 7F0E98DC1CFED9B80051C503 /* MJRefreshComponent.m */; };
		7F0E99051CFED9B90051C503 /* MJRefreshFooter.m in Sources */ = {isa = PBXBuildFile; fileRef = 7F0E98DE1CFED9B80051C503 /* MJRefreshFooter.m */; };
		7F0E99061CFED9B90051C503 /* MJRefreshHeader.m in Sources */ = {isa = PBXBuildFile; fileRef = 7F0E98E01CFED9B80051C503 /* MJRefreshHeader.m */; };
		7F0E99071CFED9B90051C503 /* MJRefreshAutoGifFooter.m in Sources */ = {isa = PBXBuildFile; fileRef = 7F0E98E51CFED9B80051C503 /* MJRefreshAutoGifFooter.m */; };
		7F0E99081CFED9B90051C503 /* MJRefreshAutoNormalFooter.m in Sources */ = {isa = PBXBuildFile; fileRef = 7F0E98E71CFED9B80051C503 /* MJRefreshAutoNormalFooter.m */; };
		7F0E99091CFED9B90051C503 /* MJRefreshAutoStateFooter.m in Sources */ = {isa = PBXBuildFile; fileRef = 7F0E98E91CFED9B80051C503 /* MJRefreshAutoStateFooter.m */; };
		7F0E990A1CFED9B90051C503 /* MJRefreshBackGifFooter.m in Sources */ = {isa = PBXBuildFile; fileRef = 7F0E98EC1CFED9B80051C503 /* MJRefreshBackGifFooter.m */; };
		7F0E990B1CFED9B90051C503 /* MJRefreshBackNormalFooter.m in Sources */ = {isa = PBXBuildFile; fileRef = 7F0E98EE1CFED9B80051C503 /* MJRefreshBackNormalFooter.m */; };
		7F0E990C1CFED9B90051C503 /* MJRefreshBackStateFooter.m in Sources */ = {isa = PBXBuildFile; fileRef = 7F0E98F01CFED9B80051C503 /* MJRefreshBackStateFooter.m */; };
		7F0E990D1CFED9B90051C503 /* MJRefreshGifHeader.m in Sources */ = {isa = PBXBuildFile; fileRef = 7F0E98F31CFED9B80051C503 /* MJRefreshGifHeader.m */; };
		7F0E990E1CFED9B90051C503 /* MJRefreshNormalHeader.m in Sources */ = {isa = PBXBuildFile; fileRef = 7F0E98F51CFED9B80051C503 /* MJRefreshNormalHeader.m */; };
		7F0E990F1CFED9B90051C503 /* MJRefreshStateHeader.m in Sources */ = {isa = PBXBuildFile; fileRef = 7F0E98F71CFED9B80051C503 /* MJRefreshStateHeader.m */; };
		7F0E99101CFED9B90051C503 /* MJRefresh.bundle in Resources */ = {isa = PBXBuildFile; fileRef = 7F0E98F81CFED9B80051C503 /* MJRefresh.bundle */; };
		7F0E99111CFED9B90051C503 /* MJRefreshConst.m in Sources */ = {isa = PBXBuildFile; fileRef = 7F0E98FB1CFED9B90051C503 /* MJRefreshConst.m */; };
		7F0E99121CFED9B90051C503 /* UIScrollView+MJExtension.m in Sources */ = {isa = PBXBuildFile; fileRef = 7F0E98FD1CFED9B90051C503 /* UIScrollView+MJExtension.m */; };
		7F0E99131CFED9B90051C503 /* UIScrollView+MJRefresh.m in Sources */ = {isa = PBXBuildFile; fileRef = 7F0E98FF1CFED9B90051C503 /* UIScrollView+MJRefresh.m */; };
		7F0E99141CFED9B90051C503 /* UIView+MJExtension.m in Sources */ = {isa = PBXBuildFile; fileRef = 7F0E99011CFED9B90051C503 /* UIView+MJExtension.m */; };
		7F23D0421D100DB1002DB08D /* HeadView.m in Sources */ = {isa = PBXBuildFile; fileRef = 7F23D0411D100DB1002DB08D /* HeadView.m */; };
		7F23D0441D100DBB002DB08D /* HeadView.xib in Resources */ = {isa = PBXBuildFile; fileRef = 7F23D0431D100DBB002DB08D /* HeadView.xib */; };
		7F49C16C1D11096000E56023 /* GlassTableViewCell.m in Sources */ = {isa = PBXBuildFile; fileRef = 7F49C16A1D11096000E56023 /* GlassTableViewCell.m */; };
		7F49C16D1D11096000E56023 /* GlassTableViewCell.xib in Resources */ = {isa = PBXBuildFile; fileRef = 7F49C16B1D11096000E56023 /* GlassTableViewCell.xib */; };
		7F49C17B1D12818400E56023 /* OrderPreViewViewController.m in Sources */ = {isa = PBXBuildFile; fileRef = 7F49C1791D12818400E56023 /* OrderPreViewViewController.m */; };
		7F49C17C1D12818400E56023 /* OrderPreViewViewController.xib in Resources */ = {isa = PBXBuildFile; fileRef = 7F49C17A1D12818400E56023 /* OrderPreViewViewController.xib */; };
		7F4C9F061D49E0760072F43C /* AboutViewController.m in Sources */ = {isa = PBXBuildFile; fileRef = 7F4C9F051D49E0760072F43C /* AboutViewController.m */; };
		7F60CC531D2A35BD00A53799 /* FMDatabase.m in Sources */ = {isa = PBXBuildFile; fileRef = 7F60CC491D2A35BD00A53799 /* FMDatabase.m */; };
		7F60CC541D2A35BD00A53799 /* FMDatabaseAdditions.m in Sources */ = {isa = PBXBuildFile; fileRef = 7F60CC4B1D2A35BD00A53799 /* FMDatabaseAdditions.m */; };
		7F60CC551D2A35BD00A53799 /* FMDatabasePool.m in Sources */ = {isa = PBXBuildFile; fileRef = 7F60CC4D1D2A35BD00A53799 /* FMDatabasePool.m */; };
		7F60CC561D2A35BD00A53799 /* FMDatabaseQueue.m in Sources */ = {isa = PBXBuildFile; fileRef = 7F60CC4F1D2A35BD00A53799 /* FMDatabaseQueue.m */; };
		7F60CC571D2A35BD00A53799 /* FMResultSet.m in Sources */ = {isa = PBXBuildFile; fileRef = 7F60CC521D2A35BD00A53799 /* FMResultSet.m */; };
		7F60CC5E1D2A360E00A53799 /* libsqlite3.tbd in Frameworks */ = {isa = PBXBuildFile; fileRef = 7F60CC5D1D2A360E00A53799 /* libsqlite3.tbd */; };
		7F667A0B1D6AF678009E0105 /* AFHTTPSessionManager.m in Sources */ = {isa = PBXBuildFile; fileRef = 7F6679FF1D6AF678009E0105 /* AFHTTPSessionManager.m */; };
		7F667A0C1D6AF678009E0105 /* AFNetworkReachabilityManager.m in Sources */ = {isa = PBXBuildFile; fileRef = 7F667A021D6AF678009E0105 /* AFNetworkReachabilityManager.m */; };
		7F667A0D1D6AF678009E0105 /* AFSecurityPolicy.m in Sources */ = {isa = PBXBuildFile; fileRef = 7F667A041D6AF678009E0105 /* AFSecurityPolicy.m */; };
		7F667A0E1D6AF678009E0105 /* AFURLRequestSerialization.m in Sources */ = {isa = PBXBuildFile; fileRef = 7F667A061D6AF678009E0105 /* AFURLRequestSerialization.m */; };
		7F667A0F1D6AF678009E0105 /* AFURLResponseSerialization.m in Sources */ = {isa = PBXBuildFile; fileRef = 7F667A081D6AF678009E0105 /* AFURLResponseSerialization.m */; };
		7F667A101D6AF678009E0105 /* AFURLSessionManager.m in Sources */ = {isa = PBXBuildFile; fileRef = 7F667A0A1D6AF678009E0105 /* AFURLSessionManager.m */; };
		7F667A1F1D6E84F8009E0105 /* ListHeadModel.m in Sources */ = {isa = PBXBuildFile; fileRef = 7F667A1E1D6E84F8009E0105 /* ListHeadModel.m */; };
		7F9904401CEAFF080039AAD5 /* MainTabBarController.m in Sources */ = {isa = PBXBuildFile; fileRef = 7F99043F1CEAFF080039AAD5 /* MainTabBarController.m */; };
		7F9904471CEB03B40039AAD5 /* ListTVC.m in Sources */ = {isa = PBXBuildFile; fileRef = 7F9904461CEB03B40039AAD5 /* ListTVC.m */; };
		7F99044A1CEB04D50039AAD5 /* WWLoadTextField.m in Sources */ = {isa = PBXBuildFile; fileRef = 7F9904491CEB04D50039AAD5 /* WWLoadTextField.m */; };
		7F9904511CEB19EF0039AAD5 /* MoreTVC.m in Sources */ = {isa = PBXBuildFile; fileRef = 7F9904501CEB19EF0039AAD5 /* MoreTVC.m */; };
		7FAD3B491F2AF31400935E48 /* add_green.png in Resources */ = {isa = PBXBuildFile; fileRef = 7FAD3B471F2AF31400935E48 /* add_green.png */; };
		7FAD3B4A1F2AF31400935E48 /* call.png in Resources */ = {isa = PBXBuildFile; fileRef = 7FAD3B481F2AF31400935E48 /* call.png */; };
		7FC224B61CFD60FD00CCBD85 /* List.plist in Resources */ = {isa = PBXBuildFile; fileRef = 7FC224B51CFD60FD00CCBD85 /* List.plist */; };
		7FC224B91CFD651100CCBD85 /* ListHeadView.m in Sources */ = {isa = PBXBuildFile; fileRef = 7FC224B81CFD651100CCBD85 /* ListHeadView.m */; };
		7FC224BB1CFD651A00CCBD85 /* ListHeadView.xib in Resources */ = {isa = PBXBuildFile; fileRef = 7FC224BA1CFD651A00CCBD85 /* ListHeadView.xib */; };
		7FC224BF1CFD68A700CCBD85 /* ListTableViewCell.m in Sources */ = {isa = PBXBuildFile; fileRef = 7FC224BD1CFD68A700CCBD85 /* ListTableViewCell.m */; };
		7FC224C01CFD68A700CCBD85 /* ListTableViewCell.xib in Resources */ = {isa = PBXBuildFile; fileRef = 7FC224BE1CFD68A700CCBD85 /* ListTableViewCell.xib */; };
		7FC224C31CFD6A7900CCBD85 /* ListModel.m in Sources */ = {isa = PBXBuildFile; fileRef = 7FC224C21CFD6A7900CCBD85 /* ListModel.m */; };
		7FC224C61CFD6AC600CCBD85 /* NSDictionary+PropertyCode.m in Sources */ = {isa = PBXBuildFile; fileRef = 7FC224C51CFD6AC600CCBD85 /* NSDictionary+PropertyCode.m */; };
		7FC224C91CFD84A100CCBD85 /* SearchTVC.m in Sources */ = {isa = PBXBuildFile; fileRef = 7FC224C81CFD84A100CCBD85 /* SearchTVC.m */; };
		7FC224CB1CFD84F400CCBD85 /* SearchTVC.storyboard in Resources */ = {isa = PBXBuildFile; fileRef = 7FC224CA1CFD84F400CCBD85 /* SearchTVC.storyboard */; };
		7FCDB2761F2DC0B100759928 /* btn_logo.png in Resources */ = {isa = PBXBuildFile; fileRef = 7FCDB2731F2DC0B100759928 /* btn_logo.png */; };
		7FCDB2771F2DC0B100759928 /* btn_logo@2x.png in Resources */ = {isa = PBXBuildFile; fileRef = 7FCDB2741F2DC0B100759928 /* btn_logo@2x.png */; };
		7FCDB2781F2DC0B100759928 /* btn_logo@3x.png in Resources */ = {isa = PBXBuildFile; fileRef = 7FCDB2751F2DC0B100759928 /* btn_logo@3x.png */; };
		7FCDB27C1F2DC2F200759928 /* tab_write.png in Resources */ = {isa = PBXBuildFile; fileRef = 7FCDB2791F2DC2F200759928 /* tab_write.png */; };
		7FCDB27D1F2DC2F200759928 /* tab_write@2x.png in Resources */ = {isa = PBXBuildFile; fileRef = 7FCDB27A1F2DC2F200759928 /* tab_write@2x.png */; };
		7FCDB27E1F2DC2F200759928 /* tab_write@3x.png in Resources */ = {isa = PBXBuildFile; fileRef = 7FCDB27B1F2DC2F200759928 /* tab_write@3x.png */; };
		7FCDB2821F2DC41800759928 /* WriteInViewController.m in Sources */ = {isa = PBXBuildFile; fileRef = 7FCDB2811F2DC41800759928 /* WriteInViewController.m */; };
		7FCDB2861F2DC94700759928 /* tab_write_s.png in Resources */ = {isa = PBXBuildFile; fileRef = 7FCDB2831F2DC94700759928 /* tab_write_s.png */; };
		7FCDB2871F2DC94700759928 /* tab_write_s@2x.png in Resources */ = {isa = PBXBuildFile; fileRef = 7FCDB2841F2DC94700759928 /* tab_write_s@2x.png */; };
		7FCDB2881F2DC94700759928 /* tab_write_s@3x.png in Resources */ = {isa = PBXBuildFile; fileRef = 7FCDB2851F2DC94700759928 /* tab_write_s@3x.png */; };
		7FCDB28F1F2EBD8700759928 /* Constants.m in Sources */ = {isa = PBXBuildFile; fileRef = 7FCDB28B1F2EBD8700759928 /* Constants.m */; };
		7FCDB2921F2EBEC400759928 /* MainNavigationController.m in Sources */ = {isa = PBXBuildFile; fileRef = 7FCDB2911F2EBEC400759928 /* MainNavigationController.m */; };
		7FCDB2951F2EC07A00759928 /* UITabBarController+YZBim.m in Sources */ = {isa = PBXBuildFile; fileRef = 7FCDB2941F2EC07A00759928 /* UITabBarController+YZBim.m */; };
		7FCDB29C1F2EC18A00759928 /* tab_more_s.png in Resources */ = {isa = PBXBuildFile; fileRef = 7FCDB2961F2EC18A00759928 /* tab_more_s.png */; };
		7FCDB29D1F2EC18A00759928 /* tab_more_s@2x.png in Resources */ = {isa = PBXBuildFile; fileRef = 7FCDB2971F2EC18A00759928 /* tab_more_s@2x.png */; };
		7FCDB29E1F2EC18A00759928 /* tab_more_s@3x.png in Resources */ = {isa = PBXBuildFile; fileRef = 7FCDB2981F2EC18A00759928 /* tab_more_s@3x.png */; };
		7FCDB29F1F2EC18A00759928 /* tab_more.png in Resources */ = {isa = PBXBuildFile; fileRef = 7FCDB2991F2EC18A00759928 /* tab_more.png */; };
		7FCDB2A01F2EC18A00759928 /* tab_more@2x.png in Resources */ = {isa = PBXBuildFile; fileRef = 7FCDB29A1F2EC18A00759928 /* tab_more@2x.png */; };
		7FCDB2A11F2EC18A00759928 /* tab_more@3x.png in Resources */ = {isa = PBXBuildFile; fileRef = 7FCDB29B1F2EC18A00759928 /* tab_more@3x.png */; };
		7FCDB2A41F2ED46D00759928 /* HomeViewController.m in Sources */ = {isa = PBXBuildFile; fileRef = 7FCDB2A31F2ED46D00759928 /* HomeViewController.m */; };
		7FCDB2A71F2ED5D200759928 /* HomeCollectionCell.m in Sources */ = {isa = PBXBuildFile; fileRef = 7FCDB2A61F2ED5D200759928 /* HomeCollectionCell.m */; };
		7FCDB2DB1F2EECC400759928 /* BimService.m in Sources */ = {isa = PBXBuildFile; fileRef = 7FCDB2AA1F2EECC400759928 /* BimService.m */; };
		7FCDB2F51F2EECDC00759928 /* AFNetworkingHelper.m in Sources */ = {isa = PBXBuildFile; fileRef = 7FCDB2F41F2EECDC00759928 /* AFNetworkingHelper.m */; };
		7FCDB2FD1F2EF15000759928 /* SHXPromise.m in Sources */ = {isa = PBXBuildFile; fileRef = 7FCDB2FC1F2EF15000759928 /* SHXPromise.m */; };
		7FCDB30D1F2EF17100759928 /* Underscore+Strings.m in Sources */ = {isa = PBXBuildFile; fileRef = 7FCDB3011F2EF17100759928 /* Underscore+Strings.m */; };
		7FCDB30E1F2EF17100759928 /* USStringWrapper.m in Sources */ = {isa = PBXBuildFile; fileRef = 7FCDB3031F2EF17100759928 /* USStringWrapper.m */; };
		7FCDB30F1F2EF17100759928 /* Underscore+Functional.m in Sources */ = {isa = PBXBuildFile; fileRef = 7FCDB3051F2EF17100759928 /* Underscore+Functional.m */; };
		7FCDB3101F2EF17100759928 /* Underscore.m in Sources */ = {isa = PBXBuildFile; fileRef = 7FCDB3071F2EF17100759928 /* Underscore.m */; };
		7FCDB3111F2EF17100759928 /* USArrayWrapper.m in Sources */ = {isa = PBXBuildFile; fileRef = 7FCDB3091F2EF17100759928 /* USArrayWrapper.m */; };
		7FCDB3121F2EF17100759928 /* USDictionaryWrapper.m in Sources */ = {isa = PBXBuildFile; fileRef = 7FCDB30C1F2EF17100759928 /* USDictionaryWrapper.m */; };
		7FCDB3241F2F071A00759928 /* RegistViewController.m in Sources */ = {isa = PBXBuildFile; fileRef = 7FCDB3221F2F071A00759928 /* RegistViewController.m */; };
		7FCDB3251F2F071A00759928 /* RegistViewController.xib in Resources */ = {isa = PBXBuildFile; fileRef = 7FCDB3231F2F071A00759928 /* RegistViewController.xib */; };
		7FCDB3291F2F0F8E00759928 /* MoreTableCell.m in Sources */ = {isa = PBXBuildFile; fileRef = 7FCDB3271F2F0F8E00759928 /* MoreTableCell.m */; };
		7FCDB32A1F2F0F8E00759928 /* MoreTableCell.xib in Resources */ = {isa = PBXBuildFile; fileRef = 7FCDB3281F2F0F8E00759928 /* MoreTableCell.xib */; };
		7FCDB32E1F2F6D5F00759928 /* NSDate+YZBim.m in Sources */ = {isa = PBXBuildFile; fileRef = 7FCDB32D1F2F6D5F00759928 /* NSDate+YZBim.m */; };
		7FDD6AC31F2F722B00599005 /* Utils.m in Sources */ = {isa = PBXBuildFile; fileRef = 7FDD6AC21F2F722B00599005 /* Utils.m */; };
/* End PBXBuildFile section */

/* Begin PBXContainerItemProxy section */
		7F06A6C31CE05ADD006B9CA4 /* PBXContainerItemProxy */ = {
			isa = PBXContainerItemProxy;
			containerPortal = 7F06A6A11CE05ADD006B9CA4 /* Project object */;
			proxyType = 1;
			remoteGlobalIDString = 7F06A6A81CE05ADD006B9CA4;
			remoteInfo = iPhoneGLASS;
		};
		7F06A6CE1CE05ADD006B9CA4 /* PBXContainerItemProxy */ = {
			isa = PBXContainerItemProxy;
			containerPortal = 7F06A6A11CE05ADD006B9CA4 /* Project object */;
			proxyType = 1;
			remoteGlobalIDString = 7F06A6A81CE05ADD006B9CA4;
			remoteInfo = iPhoneGLASS;
		};
/* End PBXContainerItemProxy section */

/* Begin PBXFileReference section */
		6A6AEB8B1D61A2D200265420 /* YTKKeyValueStore.h */ = {isa = PBXFileReference; fileEncoding = 4; lastKnownFileType = sourcecode.c.h; name = YTKKeyValueStore.h; path = ../others/YTKKeyValueStore.h; sourceTree = "<group>"; };
		6A6AEB8C1D61A2D200265420 /* YTKKeyValueStore.m */ = {isa = PBXFileReference; fileEncoding = 4; lastKnownFileType = sourcecode.c.objc; name = YTKKeyValueStore.m; path = ../others/YTKKeyValueStore.m; sourceTree = "<group>"; };
		6A9127691D4B42C6000E065D /* YYCache.h */ = {isa = PBXFileReference; fileEncoding = 4; lastKnownFileType = sourcecode.c.h; path = YYCache.h; sourceTree = "<group>"; };
		6A91276A1D4B42C6000E065D /* YYCache.m */ = {isa = PBXFileReference; fileEncoding = 4; lastKnownFileType = sourcecode.c.objc; path = YYCache.m; sourceTree = "<group>"; };
		6A91276B1D4B42C6000E065D /* YYDiskCache.h */ = {isa = PBXFileReference; fileEncoding = 4; lastKnownFileType = sourcecode.c.h; path = YYDiskCache.h; sourceTree = "<group>"; };
		6A91276C1D4B42C6000E065D /* YYDiskCache.m */ = {isa = PBXFileReference; fileEncoding = 4; lastKnownFileType = sourcecode.c.objc; path = YYDiskCache.m; sourceTree = "<group>"; };
		6A91276D1D4B42C6000E065D /* YYKVStorage.h */ = {isa = PBXFileReference; fileEncoding = 4; lastKnownFileType = sourcecode.c.h; path = YYKVStorage.h; sourceTree = "<group>"; };
		6A91276E1D4B42C6000E065D /* YYKVStorage.m */ = {isa = PBXFileReference; fileEncoding = 4; lastKnownFileType = sourcecode.c.objc; path = YYKVStorage.m; sourceTree = "<group>"; };
		6A91276F1D4B42C6000E065D /* YYMemoryCache.h */ = {isa = PBXFileReference; fileEncoding = 4; lastKnownFileType = sourcecode.c.h; path = YYMemoryCache.h; sourceTree = "<group>"; };
		6A9127701D4B42C6000E065D /* YYMemoryCache.m */ = {isa = PBXFileReference; fileEncoding = 4; lastKnownFileType = sourcecode.c.objc; path = YYMemoryCache.m; sourceTree = "<group>"; };
		7F06A6A91CE05ADD006B9CA4 /* iPhoneGLASS.app */ = {isa = PBXFileReference; explicitFileType = wrapper.application; includeInIndex = 0; path = iPhoneGLASS.app; sourceTree = BUILT_PRODUCTS_DIR; };
		7F06A6AD1CE05ADD006B9CA4 /* main.m */ = {isa = PBXFileReference; lastKnownFileType = sourcecode.c.objc; path = main.m; sourceTree = "<group>"; };
		7F06A6AF1CE05ADD006B9CA4 /* AppDelegate.h */ = {isa = PBXFileReference; lastKnownFileType = sourcecode.c.h; path = AppDelegate.h; sourceTree = "<group>"; };
		7F06A6B01CE05ADD006B9CA4 /* AppDelegate.m */ = {isa = PBXFileReference; lastKnownFileType = sourcecode.c.objc; path = AppDelegate.m; sourceTree = "<group>"; };
		7F06A6B81CE05ADD006B9CA4 /* Assets.xcassets */ = {isa = PBXFileReference; lastKnownFileType = folder.assetcatalog; path = Assets.xcassets; sourceTree = "<group>"; };
		7F06A6BB1CE05ADD006B9CA4 /* Base */ = {isa = PBXFileReference; lastKnownFileType = file.storyboard; name = Base; path = Base.lproj/LaunchScreen.storyboard; sourceTree = "<group>"; };
		7F06A6BD1CE05ADD006B9CA4 /* Info.plist */ = {isa = PBXFileReference; lastKnownFileType = text.plist.xml; path = Info.plist; sourceTree = "<group>"; };
		7F06A6C21CE05ADD006B9CA4 /* iPhoneGLASSTests.xctest */ = {isa = PBXFileReference; explicitFileType = wrapper.cfbundle; includeInIndex = 0; path = iPhoneGLASSTests.xctest; sourceTree = BUILT_PRODUCTS_DIR; };
		7F06A6C61CE05ADD006B9CA4 /* iPhoneGLASSTests.m */ = {isa = PBXFileReference; lastKnownFileType = sourcecode.c.objc; path = iPhoneGLASSTests.m; sourceTree = "<group>"; };
		7F06A6C81CE05ADD006B9CA4 /* Info.plist */ = {isa = PBXFileReference; lastKnownFileType = text.plist.xml; path = Info.plist; sourceTree = "<group>"; };
		7F06A6CD1CE05ADD006B9CA4 /* iPhoneGLASSUITests.xctest */ = {isa = PBXFileReference; explicitFileType = wrapper.cfbundle; includeInIndex = 0; path = iPhoneGLASSUITests.xctest; sourceTree = BUILT_PRODUCTS_DIR; };
		7F06A6D11CE05ADD006B9CA4 /* iPhoneGLASSUITests.m */ = {isa = PBXFileReference; lastKnownFileType = sourcecode.c.objc; path = iPhoneGLASSUITests.m; sourceTree = "<group>"; };
		7F06A6D31CE05ADD006B9CA4 /* Info.plist */ = {isa = PBXFileReference; lastKnownFileType = text.plist.xml; path = Info.plist; sourceTree = "<group>"; };
		7F06A6E31CEAEB90006B9CA4 /* OrderTVC.h */ = {isa = PBXFileReference; fileEncoding = 4; lastKnownFileType = sourcecode.c.h; path = OrderTVC.h; sourceTree = "<group>"; };
		7F06A6E41CEAEB90006B9CA4 /* OrderTVC.m */ = {isa = PBXFileReference; fileEncoding = 4; lastKnownFileType = sourcecode.c.objc; path = OrderTVC.m; sourceTree = "<group>"; };
		7F06A6EC1CEAF101006B9CA4 /* WWLoadVC.h */ = {isa = PBXFileReference; fileEncoding = 4; lastKnownFileType = sourcecode.c.h; path = WWLoadVC.h; sourceTree = "<group>"; };
		7F06A6ED1CEAF101006B9CA4 /* WWLoadVC.m */ = {isa = PBXFileReference; fileEncoding = 4; lastKnownFileType = sourcecode.c.objc; path = WWLoadVC.m; sourceTree = "<group>"; };
		7F06A6EE1CEAF101006B9CA4 /* WWLoadVC.xib */ = {isa = PBXFileReference; fileEncoding = 4; lastKnownFileType = file.xib; path = WWLoadVC.xib; sourceTree = "<group>"; };
		7F06A6F11CEAF22D006B9CA4 /* PrefixHeader.pch */ = {isa = PBXFileReference; fileEncoding = 4; lastKnownFileType = sourcecode.c.h; path = PrefixHeader.pch; sourceTree = "<group>"; };
		7F06A6F21CEAF22D006B9CA4 /* SingleInstance.h */ = {isa = PBXFileReference; fileEncoding = 4; lastKnownFileType = sourcecode.c.h; path = SingleInstance.h; sourceTree = "<group>"; };
		7F0E98A81CFE7E8F0051C503 /* NSCalendar+ST.h */ = {isa = PBXFileReference; fileEncoding = 4; lastKnownFileType = sourcecode.c.h; path = "NSCalendar+ST.h"; sourceTree = "<group>"; };
		7F0E98A91CFE7E8F0051C503 /* NSCalendar+ST.m */ = {isa = PBXFileReference; fileEncoding = 4; lastKnownFileType = sourcecode.c.objc; path = "NSCalendar+ST.m"; sourceTree = "<group>"; };
		7F0E98AA1CFE7E8F0051C503 /* STPickerDate.h */ = {isa = PBXFileReference; fileEncoding = 4; lastKnownFileType = sourcecode.c.h; path = STPickerDate.h; sourceTree = "<group>"; };
		7F0E98AB1CFE7E8F0051C503 /* STPickerDate.m */ = {isa = PBXFileReference; fileEncoding = 4; lastKnownFileType = sourcecode.c.objc; path = STPickerDate.m; sourceTree = "<group>"; };
		7F0E98AE1CFE7EBB0051C503 /* STConfig.h */ = {isa = PBXFileReference; fileEncoding = 4; lastKnownFileType = sourcecode.c.h; path = STConfig.h; sourceTree = "<group>"; };
		7F0E98AF1CFE7F120051C503 /* STToolbar.h */ = {isa = PBXFileReference; fileEncoding = 4; lastKnownFileType = sourcecode.c.h; path = STToolbar.h; sourceTree = "<group>"; };
		7F0E98B01CFE7F120051C503 /* STToolbar.m */ = {isa = PBXFileReference; fileEncoding = 4; lastKnownFileType = sourcecode.c.objc; path = STToolbar.m; sourceTree = "<group>"; };
		7F0E98B21CFE7F5D0051C503 /* STConst.h */ = {isa = PBXFileReference; fileEncoding = 4; lastKnownFileType = sourcecode.c.h; path = STConst.h; sourceTree = "<group>"; };
		7F0E98B31CFE7F5E0051C503 /* STConst.m */ = {isa = PBXFileReference; fileEncoding = 4; lastKnownFileType = sourcecode.c.objc; path = STConst.m; sourceTree = "<group>"; };
		7F0E98B41CFE7F5E0051C503 /* STUI.h */ = {isa = PBXFileReference; fileEncoding = 4; lastKnownFileType = sourcecode.c.h; path = STUI.h; sourceTree = "<group>"; };
		7F0E98B51CFE7F5E0051C503 /* STUI.m */ = {isa = PBXFileReference; fileEncoding = 4; lastKnownFileType = sourcecode.c.objc; path = STUI.m; sourceTree = "<group>"; };
		7F0E98B61CFE7F5E0051C503 /* UIView+ST.h */ = {isa = PBXFileReference; fileEncoding = 4; lastKnownFileType = sourcecode.c.h; path = "UIView+ST.h"; sourceTree = "<group>"; };
		7F0E98B71CFE7F5E0051C503 /* UIView+ST.m */ = {isa = PBXFileReference; fileEncoding = 4; lastKnownFileType = sourcecode.c.objc; path = "UIView+ST.m"; sourceTree = "<group>"; };
		7F0E98C11CFE90DC0051C503 /* ScanViewController.h */ = {isa = PBXFileReference; fileEncoding = 4; lastKnownFileType = sourcecode.c.h; path = ScanViewController.h; sourceTree = "<group>"; };
		7F0E98C21CFE90DC0051C503 /* ScanViewController.m */ = {isa = PBXFileReference; fileEncoding = 4; lastKnownFileType = sourcecode.c.objc; path = ScanViewController.m; sourceTree = "<group>"; };
		7F0E98C31CFE90DC0051C503 /* ScanViewController.xib */ = {isa = PBXFileReference; fileEncoding = 4; lastKnownFileType = file.xib; path = ScanViewController.xib; sourceTree = "<group>"; };
		7F0E98C61CFEAFF10051C503 /* ResultViewController.h */ = {isa = PBXFileReference; fileEncoding = 4; lastKnownFileType = sourcecode.c.h; path = ResultViewController.h; sourceTree = "<group>"; };
		7F0E98C71CFEAFF10051C503 /* ResultViewController.m */ = {isa = PBXFileReference; fileEncoding = 4; lastKnownFileType = sourcecode.c.objc; path = ResultViewController.m; sourceTree = "<group>"; };
		7F0E98C81CFEAFF10051C503 /* ResultViewController.xib */ = {isa = PBXFileReference; fileEncoding = 4; lastKnownFileType = file.xib; path = ResultViewController.xib; sourceTree = "<group>"; };
		7F0E98CB1CFEB1800051C503 /* ResultCell.h */ = {isa = PBXFileReference; fileEncoding = 4; lastKnownFileType = sourcecode.c.h; path = ResultCell.h; sourceTree = "<group>"; };
		7F0E98CC1CFEB1800051C503 /* ResultCell.m */ = {isa = PBXFileReference; fileEncoding = 4; lastKnownFileType = sourcecode.c.objc; path = ResultCell.m; sourceTree = "<group>"; };
		7F0E98CD1CFEB1800051C503 /* ResultCell.xib */ = {isa = PBXFileReference; fileEncoding = 4; lastKnownFileType = file.xib; path = ResultCell.xib; sourceTree = "<group>"; };
		7F0E98D21CFED2EA0051C503 /* MBProgressHUD.h */ = {isa = PBXFileReference; fileEncoding = 4; lastKnownFileType = sourcecode.c.h; name = MBProgressHUD.h; path = ../MBProgressHUD.h; sourceTree = "<group>"; };
		7F0E98D31CFED2EA0051C503 /* MBProgressHUD.m */ = {isa = PBXFileReference; fileEncoding = 4; lastKnownFileType = sourcecode.c.objc; name = MBProgressHUD.m; path = ../MBProgressHUD.m; sourceTree = "<group>"; };
		7F0E98D71CFED9B80051C503 /* MJRefreshAutoFooter.h */ = {isa = PBXFileReference; fileEncoding = 4; lastKnownFileType = sourcecode.c.h; path = MJRefreshAutoFooter.h; sourceTree = "<group>"; };
		7F0E98D81CFED9B80051C503 /* MJRefreshAutoFooter.m */ = {isa = PBXFileReference; fileEncoding = 4; lastKnownFileType = sourcecode.c.objc; path = MJRefreshAutoFooter.m; sourceTree = "<group>"; };
		7F0E98D91CFED9B80051C503 /* MJRefreshBackFooter.h */ = {isa = PBXFileReference; fileEncoding = 4; lastKnownFileType = sourcecode.c.h; path = MJRefreshBackFooter.h; sourceTree = "<group>"; };
		7F0E98DA1CFED9B80051C503 /* MJRefreshBackFooter.m */ = {isa = PBXFileReference; fileEncoding = 4; lastKnownFileType = sourcecode.c.objc; path = MJRefreshBackFooter.m; sourceTree = "<group>"; };
		7F0E98DB1CFED9B80051C503 /* MJRefreshComponent.h */ = {isa = PBXFileReference; fileEncoding = 4; lastKnownFileType = sourcecode.c.h; path = MJRefreshComponent.h; sourceTree = "<group>"; };
		7F0E98DC1CFED9B80051C503 /* MJRefreshComponent.m */ = {isa = PBXFileReference; fileEncoding = 4; lastKnownFileType = sourcecode.c.objc; path = MJRefreshComponent.m; sourceTree = "<group>"; };
		7F0E98DD1CFED9B80051C503 /* MJRefreshFooter.h */ = {isa = PBXFileReference; fileEncoding = 4; lastKnownFileType = sourcecode.c.h; path = MJRefreshFooter.h; sourceTree = "<group>"; };
		7F0E98DE1CFED9B80051C503 /* MJRefreshFooter.m */ = {isa = PBXFileReference; fileEncoding = 4; lastKnownFileType = sourcecode.c.objc; path = MJRefreshFooter.m; sourceTree = "<group>"; };
		7F0E98DF1CFED9B80051C503 /* MJRefreshHeader.h */ = {isa = PBXFileReference; fileEncoding = 4; lastKnownFileType = sourcecode.c.h; path = MJRefreshHeader.h; sourceTree = "<group>"; };
		7F0E98E01CFED9B80051C503 /* MJRefreshHeader.m */ = {isa = PBXFileReference; fileEncoding = 4; lastKnownFileType = sourcecode.c.objc; path = MJRefreshHeader.m; sourceTree = "<group>"; };
		7F0E98E41CFED9B80051C503 /* MJRefreshAutoGifFooter.h */ = {isa = PBXFileReference; fileEncoding = 4; lastKnownFileType = sourcecode.c.h; path = MJRefreshAutoGifFooter.h; sourceTree = "<group>"; };
		7F0E98E51CFED9B80051C503 /* MJRefreshAutoGifFooter.m */ = {isa = PBXFileReference; fileEncoding = 4; lastKnownFileType = sourcecode.c.objc; path = MJRefreshAutoGifFooter.m; sourceTree = "<group>"; };
		7F0E98E61CFED9B80051C503 /* MJRefreshAutoNormalFooter.h */ = {isa = PBXFileReference; fileEncoding = 4; lastKnownFileType = sourcecode.c.h; path = MJRefreshAutoNormalFooter.h; sourceTree = "<group>"; };
		7F0E98E71CFED9B80051C503 /* MJRefreshAutoNormalFooter.m */ = {isa = PBXFileReference; fileEncoding = 4; lastKnownFileType = sourcecode.c.objc; path = MJRefreshAutoNormalFooter.m; sourceTree = "<group>"; };
		7F0E98E81CFED9B80051C503 /* MJRefreshAutoStateFooter.h */ = {isa = PBXFileReference; fileEncoding = 4; lastKnownFileType = sourcecode.c.h; path = MJRefreshAutoStateFooter.h; sourceTree = "<group>"; };
		7F0E98E91CFED9B80051C503 /* MJRefreshAutoStateFooter.m */ = {isa = PBXFileReference; fileEncoding = 4; lastKnownFileType = sourcecode.c.objc; path = MJRefreshAutoStateFooter.m; sourceTree = "<group>"; };
		7F0E98EB1CFED9B80051C503 /* MJRefreshBackGifFooter.h */ = {isa = PBXFileReference; fileEncoding = 4; lastKnownFileType = sourcecode.c.h; path = MJRefreshBackGifFooter.h; sourceTree = "<group>"; };
		7F0E98EC1CFED9B80051C503 /* MJRefreshBackGifFooter.m */ = {isa = PBXFileReference; fileEncoding = 4; lastKnownFileType = sourcecode.c.objc; path = MJRefreshBackGifFooter.m; sourceTree = "<group>"; };
		7F0E98ED1CFED9B80051C503 /* MJRefreshBackNormalFooter.h */ = {isa = PBXFileReference; fileEncoding = 4; lastKnownFileType = sourcecode.c.h; path = MJRefreshBackNormalFooter.h; sourceTree = "<group>"; };
		7F0E98EE1CFED9B80051C503 /* MJRefreshBackNormalFooter.m */ = {isa = PBXFileReference; fileEncoding = 4; lastKnownFileType = sourcecode.c.objc; path = MJRefreshBackNormalFooter.m; sourceTree = "<group>"; };
		7F0E98EF1CFED9B80051C503 /* MJRefreshBackStateFooter.h */ = {isa = PBXFileReference; fileEncoding = 4; lastKnownFileType = sourcecode.c.h; path = MJRefreshBackStateFooter.h; sourceTree = "<group>"; };
		7F0E98F01CFED9B80051C503 /* MJRefreshBackStateFooter.m */ = {isa = PBXFileReference; fileEncoding = 4; lastKnownFileType = sourcecode.c.objc; path = MJRefreshBackStateFooter.m; sourceTree = "<group>"; };
		7F0E98F21CFED9B80051C503 /* MJRefreshGifHeader.h */ = {isa = PBXFileReference; fileEncoding = 4; lastKnownFileType = sourcecode.c.h; path = MJRefreshGifHeader.h; sourceTree = "<group>"; };
		7F0E98F31CFED9B80051C503 /* MJRefreshGifHeader.m */ = {isa = PBXFileReference; fileEncoding = 4; lastKnownFileType = sourcecode.c.objc; path = MJRefreshGifHeader.m; sourceTree = "<group>"; };
		7F0E98F41CFED9B80051C503 /* MJRefreshNormalHeader.h */ = {isa = PBXFileReference; fileEncoding = 4; lastKnownFileType = sourcecode.c.h; path = MJRefreshNormalHeader.h; sourceTree = "<group>"; };
		7F0E98F51CFED9B80051C503 /* MJRefreshNormalHeader.m */ = {isa = PBXFileReference; fileEncoding = 4; lastKnownFileType = sourcecode.c.objc; path = MJRefreshNormalHeader.m; sourceTree = "<group>"; };
		7F0E98F61CFED9B80051C503 /* MJRefreshStateHeader.h */ = {isa = PBXFileReference; fileEncoding = 4; lastKnownFileType = sourcecode.c.h; path = MJRefreshStateHeader.h; sourceTree = "<group>"; };
		7F0E98F71CFED9B80051C503 /* MJRefreshStateHeader.m */ = {isa = PBXFileReference; fileEncoding = 4; lastKnownFileType = sourcecode.c.objc; path = MJRefreshStateHeader.m; sourceTree = "<group>"; };
		7F0E98F81CFED9B80051C503 /* MJRefresh.bundle */ = {isa = PBXFileReference; lastKnownFileType = "wrapper.plug-in"; path = MJRefresh.bundle; sourceTree = "<group>"; };
		7F0E98F91CFED9B80051C503 /* MJRefresh.h */ = {isa = PBXFileReference; fileEncoding = 4; lastKnownFileType = sourcecode.c.h; path = MJRefresh.h; sourceTree = "<group>"; };
		7F0E98FA1CFED9B80051C503 /* MJRefreshConst.h */ = {isa = PBXFileReference; fileEncoding = 4; lastKnownFileType = sourcecode.c.h; path = MJRefreshConst.h; sourceTree = "<group>"; };
		7F0E98FB1CFED9B90051C503 /* MJRefreshConst.m */ = {isa = PBXFileReference; fileEncoding = 4; lastKnownFileType = sourcecode.c.objc; path = MJRefreshConst.m; sourceTree = "<group>"; };
		7F0E98FC1CFED9B90051C503 /* UIScrollView+MJExtension.h */ = {isa = PBXFileReference; fileEncoding = 4; lastKnownFileType = sourcecode.c.h; path = "UIScrollView+MJExtension.h"; sourceTree = "<group>"; };
		7F0E98FD1CFED9B90051C503 /* UIScrollView+MJExtension.m */ = {isa = PBXFileReference; fileEncoding = 4; lastKnownFileType = sourcecode.c.objc; path = "UIScrollView+MJExtension.m"; sourceTree = "<group>"; };
		7F0E98FE1CFED9B90051C503 /* UIScrollView+MJRefresh.h */ = {isa = PBXFileReference; fileEncoding = 4; lastKnownFileType = sourcecode.c.h; path = "UIScrollView+MJRefresh.h"; sourceTree = "<group>"; };
		7F0E98FF1CFED9B90051C503 /* UIScrollView+MJRefresh.m */ = {isa = PBXFileReference; fileEncoding = 4; lastKnownFileType = sourcecode.c.objc; path = "UIScrollView+MJRefresh.m"; sourceTree = "<group>"; };
		7F0E99001CFED9B90051C503 /* UIView+MJExtension.h */ = {isa = PBXFileReference; fileEncoding = 4; lastKnownFileType = sourcecode.c.h; path = "UIView+MJExtension.h"; sourceTree = "<group>"; };
		7F0E99011CFED9B90051C503 /* UIView+MJExtension.m */ = {isa = PBXFileReference; fileEncoding = 4; lastKnownFileType = sourcecode.c.objc; path = "UIView+MJExtension.m"; sourceTree = "<group>"; };
		7F23D0401D100DB1002DB08D /* HeadView.h */ = {isa = PBXFileReference; fileEncoding = 4; lastKnownFileType = sourcecode.c.h; path = HeadView.h; sourceTree = "<group>"; };
		7F23D0411D100DB1002DB08D /* HeadView.m */ = {isa = PBXFileReference; fileEncoding = 4; lastKnownFileType = sourcecode.c.objc; path = HeadView.m; sourceTree = "<group>"; };
		7F23D0431D100DBB002DB08D /* HeadView.xib */ = {isa = PBXFileReference; fileEncoding = 4; lastKnownFileType = file.xib; path = HeadView.xib; sourceTree = "<group>"; };
		7F49C1691D11096000E56023 /* GlassTableViewCell.h */ = {isa = PBXFileReference; fileEncoding = 4; lastKnownFileType = sourcecode.c.h; path = GlassTableViewCell.h; sourceTree = "<group>"; };
		7F49C16A1D11096000E56023 /* GlassTableViewCell.m */ = {isa = PBXFileReference; fileEncoding = 4; lastKnownFileType = sourcecode.c.objc; path = GlassTableViewCell.m; sourceTree = "<group>"; };
		7F49C16B1D11096000E56023 /* GlassTableViewCell.xib */ = {isa = PBXFileReference; fileEncoding = 4; lastKnownFileType = file.xib; path = GlassTableViewCell.xib; sourceTree = "<group>"; };
		7F49C1781D12818400E56023 /* OrderPreViewViewController.h */ = {isa = PBXFileReference; fileEncoding = 4; lastKnownFileType = sourcecode.c.h; path = OrderPreViewViewController.h; sourceTree = "<group>"; };
		7F49C1791D12818400E56023 /* OrderPreViewViewController.m */ = {isa = PBXFileReference; fileEncoding = 4; lastKnownFileType = sourcecode.c.objc; path = OrderPreViewViewController.m; sourceTree = "<group>"; };
		7F49C17A1D12818400E56023 /* OrderPreViewViewController.xib */ = {isa = PBXFileReference; fileEncoding = 4; lastKnownFileType = file.xib; path = OrderPreViewViewController.xib; sourceTree = "<group>"; };
		7F4C9F041D49E0760072F43C /* AboutViewController.h */ = {isa = PBXFileReference; fileEncoding = 4; lastKnownFileType = sourcecode.c.h; path = AboutViewController.h; sourceTree = "<group>"; };
		7F4C9F051D49E0760072F43C /* AboutViewController.m */ = {isa = PBXFileReference; fileEncoding = 4; lastKnownFileType = sourcecode.c.objc; path = AboutViewController.m; sourceTree = "<group>"; };
		7F60CC481D2A35BD00A53799 /* FMDatabase.h */ = {isa = PBXFileReference; fileEncoding = 4; lastKnownFileType = sourcecode.c.h; path = FMDatabase.h; sourceTree = "<group>"; };
		7F60CC491D2A35BD00A53799 /* FMDatabase.m */ = {isa = PBXFileReference; fileEncoding = 4; lastKnownFileType = sourcecode.c.objc; path = FMDatabase.m; sourceTree = "<group>"; };
		7F60CC4A1D2A35BD00A53799 /* FMDatabaseAdditions.h */ = {isa = PBXFileReference; fileEncoding = 4; lastKnownFileType = sourcecode.c.h; path = FMDatabaseAdditions.h; sourceTree = "<group>"; };
		7F60CC4B1D2A35BD00A53799 /* FMDatabaseAdditions.m */ = {isa = PBXFileReference; fileEncoding = 4; lastKnownFileType = sourcecode.c.objc; path = FMDatabaseAdditions.m; sourceTree = "<group>"; };
		7F60CC4C1D2A35BD00A53799 /* FMDatabasePool.h */ = {isa = PBXFileReference; fileEncoding = 4; lastKnownFileType = sourcecode.c.h; path = FMDatabasePool.h; sourceTree = "<group>"; };
		7F60CC4D1D2A35BD00A53799 /* FMDatabasePool.m */ = {isa = PBXFileReference; fileEncoding = 4; lastKnownFileType = sourcecode.c.objc; path = FMDatabasePool.m; sourceTree = "<group>"; };
		7F60CC4E1D2A35BD00A53799 /* FMDatabaseQueue.h */ = {isa = PBXFileReference; fileEncoding = 4; lastKnownFileType = sourcecode.c.h; path = FMDatabaseQueue.h; sourceTree = "<group>"; };
		7F60CC4F1D2A35BD00A53799 /* FMDatabaseQueue.m */ = {isa = PBXFileReference; fileEncoding = 4; lastKnownFileType = sourcecode.c.objc; path = FMDatabaseQueue.m; sourceTree = "<group>"; };
		7F60CC501D2A35BD00A53799 /* FMDB.h */ = {isa = PBXFileReference; fileEncoding = 4; lastKnownFileType = sourcecode.c.h; path = FMDB.h; sourceTree = "<group>"; };
		7F60CC511D2A35BD00A53799 /* FMResultSet.h */ = {isa = PBXFileReference; fileEncoding = 4; lastKnownFileType = sourcecode.c.h; path = FMResultSet.h; sourceTree = "<group>"; };
		7F60CC521D2A35BD00A53799 /* FMResultSet.m */ = {isa = PBXFileReference; fileEncoding = 4; lastKnownFileType = sourcecode.c.objc; path = FMResultSet.m; sourceTree = "<group>"; };
		7F60CC5D1D2A360E00A53799 /* libsqlite3.tbd */ = {isa = PBXFileReference; lastKnownFileType = "sourcecode.text-based-dylib-definition"; name = libsqlite3.tbd; path = usr/lib/libsqlite3.tbd; sourceTree = SDKROOT; };
		7F6679FE1D6AF678009E0105 /* AFHTTPSessionManager.h */ = {isa = PBXFileReference; fileEncoding = 4; lastKnownFileType = sourcecode.c.h; path = AFHTTPSessionManager.h; sourceTree = "<group>"; };
		7F6679FF1D6AF678009E0105 /* AFHTTPSessionManager.m */ = {isa = PBXFileReference; fileEncoding = 4; lastKnownFileType = sourcecode.c.objc; path = AFHTTPSessionManager.m; sourceTree = "<group>"; };
		7F667A001D6AF678009E0105 /* AFNetworking.h */ = {isa = PBXFileReference; fileEncoding = 4; lastKnownFileType = sourcecode.c.h; path = AFNetworking.h; sourceTree = "<group>"; };
		7F667A011D6AF678009E0105 /* AFNetworkReachabilityManager.h */ = {isa = PBXFileReference; fileEncoding = 4; lastKnownFileType = sourcecode.c.h; path = AFNetworkReachabilityManager.h; sourceTree = "<group>"; };
		7F667A021D6AF678009E0105 /* AFNetworkReachabilityManager.m */ = {isa = PBXFileReference; fileEncoding = 4; lastKnownFileType = sourcecode.c.objc; path = AFNetworkReachabilityManager.m; sourceTree = "<group>"; };
		7F667A031D6AF678009E0105 /* AFSecurityPolicy.h */ = {isa = PBXFileReference; fileEncoding = 4; lastKnownFileType = sourcecode.c.h; path = AFSecurityPolicy.h; sourceTree = "<group>"; };
		7F667A041D6AF678009E0105 /* AFSecurityPolicy.m */ = {isa = PBXFileReference; fileEncoding = 4; lastKnownFileType = sourcecode.c.objc; path = AFSecurityPolicy.m; sourceTree = "<group>"; };
		7F667A051D6AF678009E0105 /* AFURLRequestSerialization.h */ = {isa = PBXFileReference; fileEncoding = 4; lastKnownFileType = sourcecode.c.h; path = AFURLRequestSerialization.h; sourceTree = "<group>"; };
		7F667A061D6AF678009E0105 /* AFURLRequestSerialization.m */ = {isa = PBXFileReference; fileEncoding = 4; lastKnownFileType = sourcecode.c.objc; path = AFURLRequestSerialization.m; sourceTree = "<group>"; };
		7F667A071D6AF678009E0105 /* AFURLResponseSerialization.h */ = {isa = PBXFileReference; fileEncoding = 4; lastKnownFileType = sourcecode.c.h; path = AFURLResponseSerialization.h; sourceTree = "<group>"; };
		7F667A081D6AF678009E0105 /* AFURLResponseSerialization.m */ = {isa = PBXFileReference; fileEncoding = 4; lastKnownFileType = sourcecode.c.objc; path = AFURLResponseSerialization.m; sourceTree = "<group>"; };
		7F667A091D6AF678009E0105 /* AFURLSessionManager.h */ = {isa = PBXFileReference; fileEncoding = 4; lastKnownFileType = sourcecode.c.h; path = AFURLSessionManager.h; sourceTree = "<group>"; };
		7F667A0A1D6AF678009E0105 /* AFURLSessionManager.m */ = {isa = PBXFileReference; fileEncoding = 4; lastKnownFileType = sourcecode.c.objc; path = AFURLSessionManager.m; sourceTree = "<group>"; };
		7F667A1D1D6E84F8009E0105 /* ListHeadModel.h */ = {isa = PBXFileReference; fileEncoding = 4; lastKnownFileType = sourcecode.c.h; path = ListHeadModel.h; sourceTree = "<group>"; };
		7F667A1E1D6E84F8009E0105 /* ListHeadModel.m */ = {isa = PBXFileReference; fileEncoding = 4; lastKnownFileType = sourcecode.c.objc; path = ListHeadModel.m; sourceTree = "<group>"; };
		7F99043E1CEAFF080039AAD5 /* MainTabBarController.h */ = {isa = PBXFileReference; fileEncoding = 4; lastKnownFileType = sourcecode.c.h; path = MainTabBarController.h; sourceTree = "<group>"; };
		7F99043F1CEAFF080039AAD5 /* MainTabBarController.m */ = {isa = PBXFileReference; fileEncoding = 4; lastKnownFileType = sourcecode.c.objc; path = MainTabBarController.m; sourceTree = "<group>"; };
		7F9904451CEB03B40039AAD5 /* ListTVC.h */ = {isa = PBXFileReference; fileEncoding = 4; lastKnownFileType = sourcecode.c.h; path = ListTVC.h; sourceTree = "<group>"; };
		7F9904461CEB03B40039AAD5 /* ListTVC.m */ = {isa = PBXFileReference; fileEncoding = 4; lastKnownFileType = sourcecode.c.objc; path = ListTVC.m; sourceTree = "<group>"; };
		7F9904481CEB04D50039AAD5 /* WWLoadTextField.h */ = {isa = PBXFileReference; fileEncoding = 4; lastKnownFileType = sourcecode.c.h; path = WWLoadTextField.h; sourceTree = "<group>"; };
		7F9904491CEB04D50039AAD5 /* WWLoadTextField.m */ = {isa = PBXFileReference; fileEncoding = 4; lastKnownFileType = sourcecode.c.objc; path = WWLoadTextField.m; sourceTree = "<group>"; };
		7F99044F1CEB19EF0039AAD5 /* MoreTVC.h */ = {isa = PBXFileReference; fileEncoding = 4; lastKnownFileType = sourcecode.c.h; path = MoreTVC.h; sourceTree = "<group>"; };
		7F9904501CEB19EF0039AAD5 /* MoreTVC.m */ = {isa = PBXFileReference; fileEncoding = 4; lastKnownFileType = sourcecode.c.objc; path = MoreTVC.m; sourceTree = "<group>"; };
		7FAD3B471F2AF31400935E48 /* add_green.png */ = {isa = PBXFileReference; lastKnownFileType = image.png; path = add_green.png; sourceTree = "<group>"; };
		7FAD3B481F2AF31400935E48 /* call.png */ = {isa = PBXFileReference; lastKnownFileType = image.png; path = call.png; sourceTree = "<group>"; };
		7FC224B51CFD60FD00CCBD85 /* List.plist */ = {isa = PBXFileReference; fileEncoding = 4; lastKnownFileType = text.plist.xml; path = List.plist; sourceTree = "<group>"; };
		7FC224B71CFD651100CCBD85 /* ListHeadView.h */ = {isa = PBXFileReference; fileEncoding = 4; lastKnownFileType = sourcecode.c.h; path = ListHeadView.h; sourceTree = "<group>"; };
		7FC224B81CFD651100CCBD85 /* ListHeadView.m */ = {isa = PBXFileReference; fileEncoding = 4; lastKnownFileType = sourcecode.c.objc; path = ListHeadView.m; sourceTree = "<group>"; };
		7FC224BA1CFD651A00CCBD85 /* ListHeadView.xib */ = {isa = PBXFileReference; fileEncoding = 4; lastKnownFileType = file.xib; path = ListHeadView.xib; sourceTree = "<group>"; };
		7FC224BC1CFD68A700CCBD85 /* ListTableViewCell.h */ = {isa = PBXFileReference; fileEncoding = 4; lastKnownFileType = sourcecode.c.h; path = ListTableViewCell.h; sourceTree = "<group>"; };
		7FC224BD1CFD68A700CCBD85 /* ListTableViewCell.m */ = {isa = PBXFileReference; fileEncoding = 4; lastKnownFileType = sourcecode.c.objc; path = ListTableViewCell.m; sourceTree = "<group>"; };
		7FC224BE1CFD68A700CCBD85 /* ListTableViewCell.xib */ = {isa = PBXFileReference; fileEncoding = 4; lastKnownFileType = file.xib; path = ListTableViewCell.xib; sourceTree = "<group>"; };
		7FC224C11CFD6A7900CCBD85 /* ListModel.h */ = {isa = PBXFileReference; fileEncoding = 4; lastKnownFileType = sourcecode.c.h; path = ListModel.h; sourceTree = "<group>"; };
		7FC224C21CFD6A7900CCBD85 /* ListModel.m */ = {isa = PBXFileReference; fileEncoding = 4; lastKnownFileType = sourcecode.c.objc; path = ListModel.m; sourceTree = "<group>"; };
		7FC224C41CFD6AC600CCBD85 /* NSDictionary+PropertyCode.h */ = {isa = PBXFileReference; fileEncoding = 4; lastKnownFileType = sourcecode.c.h; path = "NSDictionary+PropertyCode.h"; sourceTree = "<group>"; };
		7FC224C51CFD6AC600CCBD85 /* NSDictionary+PropertyCode.m */ = {isa = PBXFileReference; fileEncoding = 4; lastKnownFileType = sourcecode.c.objc; path = "NSDictionary+PropertyCode.m"; sourceTree = "<group>"; };
		7FC224C71CFD84A100CCBD85 /* SearchTVC.h */ = {isa = PBXFileReference; fileEncoding = 4; lastKnownFileType = sourcecode.c.h; path = SearchTVC.h; sourceTree = "<group>"; };
		7FC224C81CFD84A100CCBD85 /* SearchTVC.m */ = {isa = PBXFileReference; fileEncoding = 4; lastKnownFileType = sourcecode.c.objc; path = SearchTVC.m; sourceTree = "<group>"; };
		7FC224CA1CFD84F400CCBD85 /* SearchTVC.storyboard */ = {isa = PBXFileReference; fileEncoding = 4; lastKnownFileType = file.storyboard; path = SearchTVC.storyboard; sourceTree = "<group>"; };
		7FCDB2731F2DC0B100759928 /* btn_logo.png */ = {isa = PBXFileReference; lastKnownFileType = image.png; path = btn_logo.png; sourceTree = "<group>"; };
		7FCDB2741F2DC0B100759928 /* btn_logo@2x.png */ = {isa = PBXFileReference; lastKnownFileType = image.png; path = "btn_logo@2x.png"; sourceTree = "<group>"; };
		7FCDB2751F2DC0B100759928 /* btn_logo@3x.png */ = {isa = PBXFileReference; lastKnownFileType = image.png; path = "btn_logo@3x.png"; sourceTree = "<group>"; };
		7FCDB2791F2DC2F200759928 /* tab_write.png */ = {isa = PBXFileReference; lastKnownFileType = image.png; path = tab_write.png; sourceTree = "<group>"; };
		7FCDB27A1F2DC2F200759928 /* tab_write@2x.png */ = {isa = PBXFileReference; lastKnownFileType = image.png; path = "tab_write@2x.png"; sourceTree = "<group>"; };
		7FCDB27B1F2DC2F200759928 /* tab_write@3x.png */ = {isa = PBXFileReference; lastKnownFileType = image.png; path = "tab_write@3x.png"; sourceTree = "<group>"; };
		7FCDB2801F2DC41800759928 /* WriteInViewController.h */ = {isa = PBXFileReference; fileEncoding = 4; lastKnownFileType = sourcecode.c.h; path = WriteInViewController.h; sourceTree = "<group>"; };
		7FCDB2811F2DC41800759928 /* WriteInViewController.m */ = {isa = PBXFileReference; fileEncoding = 4; lastKnownFileType = sourcecode.c.objc; path = WriteInViewController.m; sourceTree = "<group>"; };
		7FCDB2831F2DC94700759928 /* tab_write_s.png */ = {isa = PBXFileReference; lastKnownFileType = image.png; path = tab_write_s.png; sourceTree = "<group>"; };
		7FCDB2841F2DC94700759928 /* tab_write_s@2x.png */ = {isa = PBXFileReference; lastKnownFileType = image.png; path = "tab_write_s@2x.png"; sourceTree = "<group>"; };
		7FCDB2851F2DC94700759928 /* tab_write_s@3x.png */ = {isa = PBXFileReference; lastKnownFileType = image.png; path = "tab_write_s@3x.png"; sourceTree = "<group>"; };
		7FCDB28A1F2EBD8700759928 /* Constants.h */ = {isa = PBXFileReference; fileEncoding = 4; lastKnownFileType = sourcecode.c.h; path = Constants.h; sourceTree = "<group>"; };
		7FCDB28B1F2EBD8700759928 /* Constants.m */ = {isa = PBXFileReference; fileEncoding = 4; lastKnownFileType = sourcecode.c.objc; path = Constants.m; sourceTree = "<group>"; };
		7FCDB28C1F2EBD8700759928 /* Macros.h */ = {isa = PBXFileReference; fileEncoding = 4; lastKnownFileType = sourcecode.c.h; path = Macros.h; sourceTree = "<group>"; };
		7FCDB28D1F2EBD8700759928 /* UtilsMacros.h */ = {isa = PBXFileReference; fileEncoding = 4; lastKnownFileType = sourcecode.c.h; path = UtilsMacros.h; sourceTree = "<group>"; };
		7FCDB28E1F2EBD8700759928 /* YZMacros.h */ = {isa = PBXFileReference; fileEncoding = 4; lastKnownFileType = sourcecode.c.h; path = YZMacros.h; sourceTree = "<group>"; };
		7FCDB2901F2EBEC400759928 /* MainNavigationController.h */ = {isa = PBXFileReference; fileEncoding = 4; lastKnownFileType = sourcecode.c.h; path = MainNavigationController.h; sourceTree = "<group>"; };
		7FCDB2911F2EBEC400759928 /* MainNavigationController.m */ = {isa = PBXFileReference; fileEncoding = 4; lastKnownFileType = sourcecode.c.objc; path = MainNavigationController.m; sourceTree = "<group>"; };
		7FCDB2931F2EC07A00759928 /* UITabBarController+YZBim.h */ = {isa = PBXFileReference; fileEncoding = 4; lastKnownFileType = sourcecode.c.h; path = "UITabBarController+YZBim.h"; sourceTree = "<group>"; };
		7FCDB2941F2EC07A00759928 /* UITabBarController+YZBim.m */ = {isa = PBXFileReference; fileEncoding = 4; lastKnownFileType = sourcecode.c.objc; path = "UITabBarController+YZBim.m"; sourceTree = "<group>"; };
		7FCDB2961F2EC18A00759928 /* tab_more_s.png */ = {isa = PBXFileReference; lastKnownFileType = image.png; path = tab_more_s.png; sourceTree = "<group>"; };
		7FCDB2971F2EC18A00759928 /* tab_more_s@2x.png */ = {isa = PBXFileReference; lastKnownFileType = image.png; path = "tab_more_s@2x.png"; sourceTree = "<group>"; };
		7FCDB2981F2EC18A00759928 /* tab_more_s@3x.png */ = {isa = PBXFileReference; lastKnownFileType = image.png; path = "tab_more_s@3x.png"; sourceTree = "<group>"; };
		7FCDB2991F2EC18A00759928 /* tab_more.png */ = {isa = PBXFileReference; lastKnownFileType = image.png; path = tab_more.png; sourceTree = "<group>"; };
		7FCDB29A1F2EC18A00759928 /* tab_more@2x.png */ = {isa = PBXFileReference; lastKnownFileType = image.png; path = "tab_more@2x.png"; sourceTree = "<group>"; };
		7FCDB29B1F2EC18A00759928 /* tab_more@3x.png */ = {isa = PBXFileReference; lastKnownFileType = image.png; path = "tab_more@3x.png"; sourceTree = "<group>"; };
		7FCDB2A21F2ED46D00759928 /* HomeViewController.h */ = {isa = PBXFileReference; fileEncoding = 4; lastKnownFileType = sourcecode.c.h; path = HomeViewController.h; sourceTree = "<group>"; };
		7FCDB2A31F2ED46D00759928 /* HomeViewController.m */ = {isa = PBXFileReference; fileEncoding = 4; lastKnownFileType = sourcecode.c.objc; path = HomeViewController.m; sourceTree = "<group>"; };
		7FCDB2A51F2ED5D200759928 /* HomeCollectionCell.h */ = {isa = PBXFileReference; fileEncoding = 4; lastKnownFileType = sourcecode.c.h; path = HomeCollectionCell.h; sourceTree = "<group>"; };
		7FCDB2A61F2ED5D200759928 /* HomeCollectionCell.m */ = {isa = PBXFileReference; fileEncoding = 4; lastKnownFileType = sourcecode.c.objc; path = HomeCollectionCell.m; sourceTree = "<group>"; };
		7FCDB2A91F2EECC400759928 /* BimService.h */ = {isa = PBXFileReference; fileEncoding = 4; lastKnownFileType = sourcecode.c.h; path = BimService.h; sourceTree = "<group>"; };
		7FCDB2AA1F2EECC400759928 /* BimService.m */ = {isa = PBXFileReference; fileEncoding = 4; lastKnownFileType = sourcecode.c.objc; path = BimService.m; sourceTree = "<group>"; };
		7FCDB2F31F2EECDC00759928 /* AFNetworkingHelper.h */ = {isa = PBXFileReference; fileEncoding = 4; lastKnownFileType = sourcecode.c.h; path = AFNetworkingHelper.h; sourceTree = "<group>"; };
		7FCDB2F41F2EECDC00759928 /* AFNetworkingHelper.m */ = {isa = PBXFileReference; fileEncoding = 4; lastKnownFileType = sourcecode.c.objc; path = AFNetworkingHelper.m; sourceTree = "<group>"; };
		7FCDB2F61F2EF13200759928 /* Global.h */ = {isa = PBXFileReference; fileEncoding = 4; lastKnownFileType = sourcecode.c.h; path = Global.h; sourceTree = "<group>"; };
		7FCDB2FB1F2EF15000759928 /* SHXPromise.h */ = {isa = PBXFileReference; fileEncoding = 4; lastKnownFileType = sourcecode.c.h; path = SHXPromise.h; sourceTree = "<group>"; };
		7FCDB2FC1F2EF15000759928 /* SHXPromise.m */ = {isa = PBXFileReference; fileEncoding = 4; lastKnownFileType = sourcecode.c.objc; path = SHXPromise.m; sourceTree = "<group>"; };
		7FCDB3001F2EF17100759928 /* Underscore+Strings.h */ = {isa = PBXFileReference; fileEncoding = 4; lastKnownFileType = sourcecode.c.h; path = "Underscore+Strings.h"; sourceTree = "<group>"; };
		7FCDB3011F2EF17100759928 /* Underscore+Strings.m */ = {isa = PBXFileReference; fileEncoding = 4; lastKnownFileType = sourcecode.c.objc; path = "Underscore+Strings.m"; sourceTree = "<group>"; };
		7FCDB3021F2EF17100759928 /* USStringWrapper.h */ = {isa = PBXFileReference; fileEncoding = 4; lastKnownFileType = sourcecode.c.h; path = USStringWrapper.h; sourceTree = "<group>"; };
		7FCDB3031F2EF17100759928 /* USStringWrapper.m */ = {isa = PBXFileReference; fileEncoding = 4; lastKnownFileType = sourcecode.c.objc; path = USStringWrapper.m; sourceTree = "<group>"; };
		7FCDB3041F2EF17100759928 /* Underscore+Functional.h */ = {isa = PBXFileReference; fileEncoding = 4; lastKnownFileType = sourcecode.c.h; path = "Underscore+Functional.h"; sourceTree = "<group>"; };
		7FCDB3051F2EF17100759928 /* Underscore+Functional.m */ = {isa = PBXFileReference; fileEncoding = 4; lastKnownFileType = sourcecode.c.objc; path = "Underscore+Functional.m"; sourceTree = "<group>"; };
		7FCDB3061F2EF17100759928 /* Underscore.h */ = {isa = PBXFileReference; fileEncoding = 4; lastKnownFileType = sourcecode.c.h; path = Underscore.h; sourceTree = "<group>"; };
		7FCDB3071F2EF17100759928 /* Underscore.m */ = {isa = PBXFileReference; fileEncoding = 4; lastKnownFileType = sourcecode.c.objc; path = Underscore.m; sourceTree = "<group>"; };
		7FCDB3081F2EF17100759928 /* USArrayWrapper.h */ = {isa = PBXFileReference; fileEncoding = 4; lastKnownFileType = sourcecode.c.h; path = USArrayWrapper.h; sourceTree = "<group>"; };
		7FCDB3091F2EF17100759928 /* USArrayWrapper.m */ = {isa = PBXFileReference; fileEncoding = 4; lastKnownFileType = sourcecode.c.objc; path = USArrayWrapper.m; sourceTree = "<group>"; };
		7FCDB30A1F2EF17100759928 /* USConstants.h */ = {isa = PBXFileReference; fileEncoding = 4; lastKnownFileType = sourcecode.c.h; path = USConstants.h; sourceTree = "<group>"; };
		7FCDB30B1F2EF17100759928 /* USDictionaryWrapper.h */ = {isa = PBXFileReference; fileEncoding = 4; lastKnownFileType = sourcecode.c.h; path = USDictionaryWrapper.h; sourceTree = "<group>"; };
		7FCDB30C1F2EF17100759928 /* USDictionaryWrapper.m */ = {isa = PBXFileReference; fileEncoding = 4; lastKnownFileType = sourcecode.c.objc; path = USDictionaryWrapper.m; sourceTree = "<group>"; };
		7FCDB3211F2F071A00759928 /* RegistViewController.h */ = {isa = PBXFileReference; fileEncoding = 4; lastKnownFileType = sourcecode.c.h; path = RegistViewController.h; sourceTree = "<group>"; };
		7FCDB3221F2F071A00759928 /* RegistViewController.m */ = {isa = PBXFileReference; fileEncoding = 4; lastKnownFileType = sourcecode.c.objc; path = RegistViewController.m; sourceTree = "<group>"; };
		7FCDB3231F2F071A00759928 /* RegistViewController.xib */ = {isa = PBXFileReference; fileEncoding = 4; lastKnownFileType = file.xib; path = RegistViewController.xib; sourceTree = "<group>"; };
		7FCDB3261F2F0F8E00759928 /* MoreTableCell.h */ = {isa = PBXFileReference; fileEncoding = 4; lastKnownFileType = sourcecode.c.h; name = MoreTableCell.h; path = iPhoneGLASS/Account/MoreTableCell.h; sourceTree = SOURCE_ROOT; };
		7FCDB3271F2F0F8E00759928 /* MoreTableCell.m */ = {isa = PBXFileReference; fileEncoding = 4; lastKnownFileType = sourcecode.c.objc; name = MoreTableCell.m; path = iPhoneGLASS/Account/MoreTableCell.m; sourceTree = SOURCE_ROOT; };
		7FCDB3281F2F0F8E00759928 /* MoreTableCell.xib */ = {isa = PBXFileReference; fileEncoding = 4; lastKnownFileType = file.xib; name = MoreTableCell.xib; path = iPhoneGLASS/Account/MoreTableCell.xib; sourceTree = SOURCE_ROOT; };
		7FCDB32C1F2F6D5E00759928 /* NSDate+YZBim.h */ = {isa = PBXFileReference; fileEncoding = 4; lastKnownFileType = sourcecode.c.h; path = "NSDate+YZBim.h"; sourceTree = "<group>"; };
		7FCDB32D1F2F6D5F00759928 /* NSDate+YZBim.m */ = {isa = PBXFileReference; fileEncoding = 4; lastKnownFileType = sourcecode.c.objc; path = "NSDate+YZBim.m"; sourceTree = "<group>"; };
		7FDD6AC11F2F722B00599005 /* Utils.h */ = {isa = PBXFileReference; fileEncoding = 4; lastKnownFileType = sourcecode.c.h; path = Utils.h; sourceTree = "<group>"; };
		7FDD6AC21F2F722B00599005 /* Utils.m */ = {isa = PBXFileReference; fileEncoding = 4; lastKnownFileType = sourcecode.c.objc; path = Utils.m; sourceTree = "<group>"; };
/* End PBXFileReference section */

/* Begin PBXFrameworksBuildPhase section */
		7F06A6A61CE05ADD006B9CA4 /* Frameworks */ = {
			isa = PBXFrameworksBuildPhase;
			buildActionMask = 2147483647;
			files = (
				7F60CC5E1D2A360E00A53799 /* libsqlite3.tbd in Frameworks */,
			);
			runOnlyForDeploymentPostprocessing = 0;
		};
		7F06A6BF1CE05ADD006B9CA4 /* Frameworks */ = {
			isa = PBXFrameworksBuildPhase;
			buildActionMask = 2147483647;
			files = (
			);
			runOnlyForDeploymentPostprocessing = 0;
		};
		7F06A6CA1CE05ADD006B9CA4 /* Frameworks */ = {
			isa = PBXFrameworksBuildPhase;
			buildActionMask = 2147483647;
			files = (
			);
			runOnlyForDeploymentPostprocessing = 0;
		};
/* End PBXFrameworksBuildPhase section */

/* Begin PBXGroup section */
		6A7B7CB81D47553B00EC797E /* others */ = {
			isa = PBXGroup;
			children = (
				7FDD6AC11F2F722B00599005 /* Utils.h */,
				7FDD6AC21F2F722B00599005 /* Utils.m */,
				7FCDB32C1F2F6D5E00759928 /* NSDate+YZBim.h */,
				7FCDB32D1F2F6D5F00759928 /* NSDate+YZBim.m */,
				7FCDB2FE1F2EF17100759928 /* Underscore */,
				7FCDB2FA1F2EF15000759928 /* SHXPromise */,
				7FCDB2A81F2EECC400759928 /* YZDataService */,
				7FCDB2891F2EBD4200759928 /* Global */,
				7F6679FD1D6AF678009E0105 /* AFNetworking */,
				7F60CC471D2A35BD00A53799 /* FMDB */,
				7F0E98D51CFED9B80051C503 /* MJRefresh */,
				7F0E98D21CFED2EA0051C503 /* MBProgressHUD.h */,
				7F0E98D31CFED2EA0051C503 /* MBProgressHUD.m */,
			);
			path = others;
			sourceTree = "<group>";
		};
		6A9127681D4B42C6000E065D /* YYCache */ = {
			isa = PBXGroup;
			children = (
				6A9127691D4B42C6000E065D /* YYCache.h */,
				6A91276A1D4B42C6000E065D /* YYCache.m */,
				6A91276B1D4B42C6000E065D /* YYDiskCache.h */,
				6A91276C1D4B42C6000E065D /* YYDiskCache.m */,
				6A91276D1D4B42C6000E065D /* YYKVStorage.h */,
				6A91276E1D4B42C6000E065D /* YYKVStorage.m */,
				6A91276F1D4B42C6000E065D /* YYMemoryCache.h */,
				6A9127701D4B42C6000E065D /* YYMemoryCache.m */,
			);
			path = YYCache;
			sourceTree = "<group>";
		};
		7F06A6A01CE05ADD006B9CA4 = {
			isa = PBXGroup;
			children = (
				6A9127681D4B42C6000E065D /* YYCache */,
				7F60CC5D1D2A360E00A53799 /* libsqlite3.tbd */,
				7F06A6AB1CE05ADD006B9CA4 /* iPhoneGLASS */,
				7F06A6C51CE05ADD006B9CA4 /* iPhoneGLASSTests */,
				7F06A6D01CE05ADD006B9CA4 /* iPhoneGLASSUITests */,
				7F06A6AA1CE05ADD006B9CA4 /* Products */,
			);
			sourceTree = "<group>";
		};
		7F06A6AA1CE05ADD006B9CA4 /* Products */ = {
			isa = PBXGroup;
			children = (
				7F06A6A91CE05ADD006B9CA4 /* iPhoneGLASS.app */,
				7F06A6C21CE05ADD006B9CA4 /* iPhoneGLASSTests.xctest */,
				7F06A6CD1CE05ADD006B9CA4 /* iPhoneGLASSUITests.xctest */,
			);
			name = Products;
			sourceTree = "<group>";
		};
		7F06A6AB1CE05ADD006B9CA4 /* iPhoneGLASS */ = {
			isa = PBXGroup;
			children = (
				7FCDB27F1F2DC32200759928 /* main */,
				6A7B7CB81D47553B00EC797E /* others */,
				7F06A6E61CEAEEEF006B9CA4 /* Account */,
				7F06A6DF1CEAEB77006B9CA4 /* Order */,
				7F9904411CEB039B0039AAD5 /* List */,
				7F0E98BD1CFE90C10051C503 /* Scan */,
				7F99044B1CEB19DD0039AAD5 /* More */,
				7F06A6AC1CE05ADD006B9CA4 /* Supporting Files */,
			);
			path = iPhoneGLASS;
			sourceTree = "<group>";
		};
		7F06A6AC1CE05ADD006B9CA4 /* Supporting Files */ = {
			isa = PBXGroup;
			children = (
				7F06A6B81CE05ADD006B9CA4 /* Assets.xcassets */,
				7F06A6BA1CE05ADD006B9CA4 /* LaunchScreen.storyboard */,
				7F06A6BD1CE05ADD006B9CA4 /* Info.plist */,
				7F06A6F11CEAF22D006B9CA4 /* PrefixHeader.pch */,
				7F06A6F21CEAF22D006B9CA4 /* SingleInstance.h */,
				7FAD3B461F2AF31400935E48 /* images */,
				7F06A6AD1CE05ADD006B9CA4 /* main.m */,
			);
			name = "Supporting Files";
			sourceTree = "<group>";
		};
		7F06A6C51CE05ADD006B9CA4 /* iPhoneGLASSTests */ = {
			isa = PBXGroup;
			children = (
				7F06A6C61CE05ADD006B9CA4 /* iPhoneGLASSTests.m */,
				7F06A6C81CE05ADD006B9CA4 /* Info.plist */,
			);
			path = iPhoneGLASSTests;
			sourceTree = "<group>";
		};
		7F06A6D01CE05ADD006B9CA4 /* iPhoneGLASSUITests */ = {
			isa = PBXGroup;
			children = (
				7F06A6D11CE05ADD006B9CA4 /* iPhoneGLASSUITests.m */,
				7F06A6D31CE05ADD006B9CA4 /* Info.plist */,
			);
			path = iPhoneGLASSUITests;
			sourceTree = "<group>";
		};
		7F06A6DF1CEAEB77006B9CA4 /* Order */ = {
			isa = PBXGroup;
			children = (
				7F06A6E01CEAEB77006B9CA4 /* Controller */,
				7F06A6E11CEAEB77006B9CA4 /* Model */,
				7F06A6E21CEAEB77006B9CA4 /* View */,
			);
			path = Order;
			sourceTree = "<group>";
		};
		7F06A6E01CEAEB77006B9CA4 /* Controller */ = {
			isa = PBXGroup;
			children = (
				7F06A6E31CEAEB90006B9CA4 /* OrderTVC.h */,
				7F06A6E41CEAEB90006B9CA4 /* OrderTVC.m */,
				7F49C1781D12818400E56023 /* OrderPreViewViewController.h */,
				7F49C1791D12818400E56023 /* OrderPreViewViewController.m */,
				7F49C17A1D12818400E56023 /* OrderPreViewViewController.xib */,
			);
			path = Controller;
			sourceTree = "<group>";
		};
		7F06A6E11CEAEB77006B9CA4 /* Model */ = {
			isa = PBXGroup;
			children = (
			);
			path = Model;
			sourceTree = "<group>";
		};
		7F06A6E21CEAEB77006B9CA4 /* View */ = {
			isa = PBXGroup;
			children = (
				7F23D0401D100DB1002DB08D /* HeadView.h */,
				7F23D0411D100DB1002DB08D /* HeadView.m */,
				7F23D0431D100DBB002DB08D /* HeadView.xib */,
				7F49C1691D11096000E56023 /* GlassTableViewCell.h */,
				7F49C16A1D11096000E56023 /* GlassTableViewCell.m */,
				7F49C16B1D11096000E56023 /* GlassTableViewCell.xib */,
			);
			path = View;
			sourceTree = "<group>";
		};
		7F06A6E61CEAEEEF006B9CA4 /* Account */ = {
			isa = PBXGroup;
			children = (
				7F06A6EC1CEAF101006B9CA4 /* WWLoadVC.h */,
				7F06A6ED1CEAF101006B9CA4 /* WWLoadVC.m */,
				7F06A6EE1CEAF101006B9CA4 /* WWLoadVC.xib */,
				7F9904481CEB04D50039AAD5 /* WWLoadTextField.h */,
				7F9904491CEB04D50039AAD5 /* WWLoadTextField.m */,
				7FCDB3211F2F071A00759928 /* RegistViewController.h */,
				7FCDB3221F2F071A00759928 /* RegistViewController.m */,
				7FCDB3231F2F071A00759928 /* RegistViewController.xib */,
			);
			path = Account;
			sourceTree = "<group>";
		};
		7F0E98A71CFE7E8F0051C503 /* Date(日期) */ = {
			isa = PBXGroup;
			children = (
				7F0E98AA1CFE7E8F0051C503 /* STPickerDate.h */,
				7F0E98AB1CFE7E8F0051C503 /* STPickerDate.m */,
				7F0E98AF1CFE7F120051C503 /* STToolbar.h */,
				7F0E98B01CFE7F120051C503 /* STToolbar.m */,
				7F0E98AE1CFE7EBB0051C503 /* STConfig.h */,
				7F0E98B21CFE7F5D0051C503 /* STConst.h */,
				7F0E98B31CFE7F5E0051C503 /* STConst.m */,
				7F0E98B41CFE7F5E0051C503 /* STUI.h */,
				7F0E98B51CFE7F5E0051C503 /* STUI.m */,
				7F0E98B61CFE7F5E0051C503 /* UIView+ST.h */,
				7F0E98B71CFE7F5E0051C503 /* UIView+ST.m */,
				7F0E98A81CFE7E8F0051C503 /* NSCalendar+ST.h */,
				7F0E98A91CFE7E8F0051C503 /* NSCalendar+ST.m */,
			);
			name = "Date(日期)";
			path = "../Controller/Date(日期)";
			sourceTree = "<group>";
		};
		7F0E98BD1CFE90C10051C503 /* Scan */ = {
			isa = PBXGroup;
			children = (
				7F0E98BE1CFE90C10051C503 /* Controller */,
				7F0E98BF1CFE90C10051C503 /* Model */,
				7F0E98C01CFE90C10051C503 /* View */,
			);
			path = Scan;
			sourceTree = "<group>";
		};
		7F0E98BE1CFE90C10051C503 /* Controller */ = {
			isa = PBXGroup;
			children = (
				7F0E98C11CFE90DC0051C503 /* ScanViewController.h */,
				7F0E98C21CFE90DC0051C503 /* ScanViewController.m */,
				7F0E98C31CFE90DC0051C503 /* ScanViewController.xib */,
				7F0E98C61CFEAFF10051C503 /* ResultViewController.h */,
				7F0E98C71CFEAFF10051C503 /* ResultViewController.m */,
				7F0E98C81CFEAFF10051C503 /* ResultViewController.xib */,
				7FCDB2801F2DC41800759928 /* WriteInViewController.h */,
				7FCDB2811F2DC41800759928 /* WriteInViewController.m */,
			);
			path = Controller;
			sourceTree = "<group>";
		};
		7F0E98BF1CFE90C10051C503 /* Model */ = {
			isa = PBXGroup;
			children = (
			);
			path = Model;
			sourceTree = "<group>";
		};
		7F0E98C01CFE90C10051C503 /* View */ = {
			isa = PBXGroup;
			children = (
				7F0E98CB1CFEB1800051C503 /* ResultCell.h */,
				7F0E98CC1CFEB1800051C503 /* ResultCell.m */,
				7F0E98CD1CFEB1800051C503 /* ResultCell.xib */,
			);
			path = View;
			sourceTree = "<group>";
		};
		7F0E98D51CFED9B80051C503 /* MJRefresh */ = {
			isa = PBXGroup;
			children = (
				7F0E98D61CFED9B80051C503 /* Base */,
				7F0E98E11CFED9B80051C503 /* Custom */,
				7F0E98F81CFED9B80051C503 /* MJRefresh.bundle */,
				7F0E98F91CFED9B80051C503 /* MJRefresh.h */,
				7F0E98FA1CFED9B80051C503 /* MJRefreshConst.h */,
				7F0E98FB1CFED9B90051C503 /* MJRefreshConst.m */,
				7F0E98FC1CFED9B90051C503 /* UIScrollView+MJExtension.h */,
				7F0E98FD1CFED9B90051C503 /* UIScrollView+MJExtension.m */,
				7F0E98FE1CFED9B90051C503 /* UIScrollView+MJRefresh.h */,
				7F0E98FF1CFED9B90051C503 /* UIScrollView+MJRefresh.m */,
				7F0E99001CFED9B90051C503 /* UIView+MJExtension.h */,
				7F0E99011CFED9B90051C503 /* UIView+MJExtension.m */,
			);
			name = MJRefresh;
			path = ../MJRefresh;
			sourceTree = "<group>";
		};
		7F0E98D61CFED9B80051C503 /* Base */ = {
			isa = PBXGroup;
			children = (
				7F0E98D71CFED9B80051C503 /* MJRefreshAutoFooter.h */,
				7F0E98D81CFED9B80051C503 /* MJRefreshAutoFooter.m */,
				7F0E98D91CFED9B80051C503 /* MJRefreshBackFooter.h */,
				7F0E98DA1CFED9B80051C503 /* MJRefreshBackFooter.m */,
				7F0E98DB1CFED9B80051C503 /* MJRefreshComponent.h */,
				7F0E98DC1CFED9B80051C503 /* MJRefreshComponent.m */,
				7F0E98DD1CFED9B80051C503 /* MJRefreshFooter.h */,
				7F0E98DE1CFED9B80051C503 /* MJRefreshFooter.m */,
				7F0E98DF1CFED9B80051C503 /* MJRefreshHeader.h */,
				7F0E98E01CFED9B80051C503 /* MJRefreshHeader.m */,
			);
			path = Base;
			sourceTree = "<group>";
		};
		7F0E98E11CFED9B80051C503 /* Custom */ = {
			isa = PBXGroup;
			children = (
				7F0E98E21CFED9B80051C503 /* Footer */,
				7F0E98F11CFED9B80051C503 /* Header */,
			);
			path = Custom;
			sourceTree = "<group>";
		};
		7F0E98E21CFED9B80051C503 /* Footer */ = {
			isa = PBXGroup;
			children = (
				7F0E98E31CFED9B80051C503 /* Auto */,
				7F0E98EA1CFED9B80051C503 /* Back */,
			);
			path = Footer;
			sourceTree = "<group>";
		};
		7F0E98E31CFED9B80051C503 /* Auto */ = {
			isa = PBXGroup;
			children = (
				7F0E98E41CFED9B80051C503 /* MJRefreshAutoGifFooter.h */,
				7F0E98E51CFED9B80051C503 /* MJRefreshAutoGifFooter.m */,
				7F0E98E61CFED9B80051C503 /* MJRefreshAutoNormalFooter.h */,
				7F0E98E71CFED9B80051C503 /* MJRefreshAutoNormalFooter.m */,
				7F0E98E81CFED9B80051C503 /* MJRefreshAutoStateFooter.h */,
				7F0E98E91CFED9B80051C503 /* MJRefreshAutoStateFooter.m */,
			);
			path = Auto;
			sourceTree = "<group>";
		};
		7F0E98EA1CFED9B80051C503 /* Back */ = {
			isa = PBXGroup;
			children = (
				7F0E98EB1CFED9B80051C503 /* MJRefreshBackGifFooter.h */,
				7F0E98EC1CFED9B80051C503 /* MJRefreshBackGifFooter.m */,
				7F0E98ED1CFED9B80051C503 /* MJRefreshBackNormalFooter.h */,
				7F0E98EE1CFED9B80051C503 /* MJRefreshBackNormalFooter.m */,
				7F0E98EF1CFED9B80051C503 /* MJRefreshBackStateFooter.h */,
				7F0E98F01CFED9B80051C503 /* MJRefreshBackStateFooter.m */,
			);
			path = Back;
			sourceTree = "<group>";
		};
		7F0E98F11CFED9B80051C503 /* Header */ = {
			isa = PBXGroup;
			children = (
				7F0E98F21CFED9B80051C503 /* MJRefreshGifHeader.h */,
				7F0E98F31CFED9B80051C503 /* MJRefreshGifHeader.m */,
				7F0E98F41CFED9B80051C503 /* MJRefreshNormalHeader.h */,
				7F0E98F51CFED9B80051C503 /* MJRefreshNormalHeader.m */,
				7F0E98F61CFED9B80051C503 /* MJRefreshStateHeader.h */,
				7F0E98F71CFED9B80051C503 /* MJRefreshStateHeader.m */,
			);
			path = Header;
			sourceTree = "<group>";
		};
		7F60CC471D2A35BD00A53799 /* FMDB */ = {
			isa = PBXGroup;
			children = (
				6A6AEB8B1D61A2D200265420 /* YTKKeyValueStore.h */,
				6A6AEB8C1D61A2D200265420 /* YTKKeyValueStore.m */,
				7F60CC481D2A35BD00A53799 /* FMDatabase.h */,
				7F60CC491D2A35BD00A53799 /* FMDatabase.m */,
				7F60CC4A1D2A35BD00A53799 /* FMDatabaseAdditions.h */,
				7F60CC4B1D2A35BD00A53799 /* FMDatabaseAdditions.m */,
				7F60CC4C1D2A35BD00A53799 /* FMDatabasePool.h */,
				7F60CC4D1D2A35BD00A53799 /* FMDatabasePool.m */,
				7F60CC4E1D2A35BD00A53799 /* FMDatabaseQueue.h */,
				7F60CC4F1D2A35BD00A53799 /* FMDatabaseQueue.m */,
				7F60CC501D2A35BD00A53799 /* FMDB.h */,
				7F60CC511D2A35BD00A53799 /* FMResultSet.h */,
				7F60CC521D2A35BD00A53799 /* FMResultSet.m */,
			);
			name = FMDB;
			path = ../FMDB;
			sourceTree = "<group>";
		};
		7F6679FD1D6AF678009E0105 /* AFNetworking */ = {
			isa = PBXGroup;
			children = (
				7F6679FE1D6AF678009E0105 /* AFHTTPSessionManager.h */,
				7F6679FF1D6AF678009E0105 /* AFHTTPSessionManager.m */,
				7F667A001D6AF678009E0105 /* AFNetworking.h */,
				7F667A011D6AF678009E0105 /* AFNetworkReachabilityManager.h */,
				7F667A021D6AF678009E0105 /* AFNetworkReachabilityManager.m */,
				7F667A031D6AF678009E0105 /* AFSecurityPolicy.h */,
				7F667A041D6AF678009E0105 /* AFSecurityPolicy.m */,
				7F667A051D6AF678009E0105 /* AFURLRequestSerialization.h */,
				7F667A061D6AF678009E0105 /* AFURLRequestSerialization.m */,
				7F667A071D6AF678009E0105 /* AFURLResponseSerialization.h */,
				7F667A081D6AF678009E0105 /* AFURLResponseSerialization.m */,
				7F667A091D6AF678009E0105 /* AFURLSessionManager.h */,
				7F667A0A1D6AF678009E0105 /* AFURLSessionManager.m */,
			);
			path = AFNetworking;
			sourceTree = "<group>";
		};
		7F9904411CEB039B0039AAD5 /* List */ = {
			isa = PBXGroup;
			children = (
				7F9904421CEB039B0039AAD5 /* Controller */,
				7F9904431CEB039B0039AAD5 /* Model */,
				7F9904441CEB039B0039AAD5 /* View */,
			);
			path = List;
			sourceTree = "<group>";
		};
		7F9904421CEB039B0039AAD5 /* Controller */ = {
			isa = PBXGroup;
			children = (
				7FCDB2A21F2ED46D00759928 /* HomeViewController.h */,
				7FCDB2A31F2ED46D00759928 /* HomeViewController.m */,
				7F9904451CEB03B40039AAD5 /* ListTVC.h */,
				7F9904461CEB03B40039AAD5 /* ListTVC.m */,
				7FC224C71CFD84A100CCBD85 /* SearchTVC.h */,
				7FC224C81CFD84A100CCBD85 /* SearchTVC.m */,
				7FC224CA1CFD84F400CCBD85 /* SearchTVC.storyboard */,
				7FC224B51CFD60FD00CCBD85 /* List.plist */,
			);
			path = Controller;
			sourceTree = "<group>";
		};
		7F9904431CEB039B0039AAD5 /* Model */ = {
			isa = PBXGroup;
			children = (
				7FC224C41CFD6AC600CCBD85 /* NSDictionary+PropertyCode.h */,
				7FC224C51CFD6AC600CCBD85 /* NSDictionary+PropertyCode.m */,
				7FC224C11CFD6A7900CCBD85 /* ListModel.h */,
				7FC224C21CFD6A7900CCBD85 /* ListModel.m */,
				7F667A1D1D6E84F8009E0105 /* ListHeadModel.h */,
				7F667A1E1D6E84F8009E0105 /* ListHeadModel.m */,
			);
			path = Model;
			sourceTree = "<group>";
		};
		7F9904441CEB039B0039AAD5 /* View */ = {
			isa = PBXGroup;
			children = (
				7F0E98A71CFE7E8F0051C503 /* Date(日期) */,
				7FC224B71CFD651100CCBD85 /* ListHeadView.h */,
				7FC224B81CFD651100CCBD85 /* ListHeadView.m */,
				7FC224BA1CFD651A00CCBD85 /* ListHeadView.xib */,
				7FC224BC1CFD68A700CCBD85 /* ListTableViewCell.h */,
				7FC224BD1CFD68A700CCBD85 /* ListTableViewCell.m */,
				7FC224BE1CFD68A700CCBD85 /* ListTableViewCell.xib */,
				7FCDB2A51F2ED5D200759928 /* HomeCollectionCell.h */,
				7FCDB2A61F2ED5D200759928 /* HomeCollectionCell.m */,
			);
			path = View;
			sourceTree = "<group>";
		};
		7F99044B1CEB19DD0039AAD5 /* More */ = {
			isa = PBXGroup;
			children = (
				7F99044C1CEB19DD0039AAD5 /* Controller */,
				7F99044D1CEB19DD0039AAD5 /* Model */,
				7F99044E1CEB19DD0039AAD5 /* View */,
			);
			path = More;
			sourceTree = "<group>";
		};
		7F99044C1CEB19DD0039AAD5 /* Controller */ = {
			isa = PBXGroup;
			children = (
				7F99044F1CEB19EF0039AAD5 /* MoreTVC.h */,
				7F9904501CEB19EF0039AAD5 /* MoreTVC.m */,
				7F4C9F041D49E0760072F43C /* AboutViewController.h */,
				7F4C9F051D49E0760072F43C /* AboutViewController.m */,
			);
			path = Controller;
			sourceTree = "<group>";
		};
		7F99044D1CEB19DD0039AAD5 /* Model */ = {
			isa = PBXGroup;
			children = (
			);
			path = Model;
			sourceTree = "<group>";
		};
		7F99044E1CEB19DD0039AAD5 /* View */ = {
			isa = PBXGroup;
			children = (
				7FCDB3261F2F0F8E00759928 /* MoreTableCell.h */,
				7FCDB3271F2F0F8E00759928 /* MoreTableCell.m */,
				7FCDB3281F2F0F8E00759928 /* MoreTableCell.xib */,
			);
			path = View;
			sourceTree = "<group>";
		};
		7FAD3B461F2AF31400935E48 /* images */ = {
			isa = PBXGroup;
			children = (
				7FCDB2961F2EC18A00759928 /* tab_more_s.png */,
				7FCDB2971F2EC18A00759928 /* tab_more_s@2x.png */,
				7FCDB2981F2EC18A00759928 /* tab_more_s@3x.png */,
				7FCDB2991F2EC18A00759928 /* tab_more.png */,
				7FCDB29A1F2EC18A00759928 /* tab_more@2x.png */,
				7FCDB29B1F2EC18A00759928 /* tab_more@3x.png */,
				7FCDB2831F2DC94700759928 /* tab_write_s.png */,
				7FCDB2841F2DC94700759928 /* tab_write_s@2x.png */,
				7FCDB2851F2DC94700759928 /* tab_write_s@3x.png */,
				7FCDB2791F2DC2F200759928 /* tab_write.png */,
				7FCDB27A1F2DC2F200759928 /* tab_write@2x.png */,
				7FCDB27B1F2DC2F200759928 /* tab_write@3x.png */,
				7FCDB2731F2DC0B100759928 /* btn_logo.png */,
				7FCDB2741F2DC0B100759928 /* btn_logo@2x.png */,
				7FCDB2751F2DC0B100759928 /* btn_logo@3x.png */,
				7FAD3B471F2AF31400935E48 /* add_green.png */,
				7FAD3B481F2AF31400935E48 /* call.png */,
			);
			path = images;
			sourceTree = "<group>";
		};
		7FCDB27F1F2DC32200759928 /* main */ = {
			isa = PBXGroup;
			children = (
				7F06A6AF1CE05ADD006B9CA4 /* AppDelegate.h */,
				7F06A6B01CE05ADD006B9CA4 /* AppDelegate.m */,
				7F99043E1CEAFF080039AAD5 /* MainTabBarController.h */,
				7F99043F1CEAFF080039AAD5 /* MainTabBarController.m */,
				7FCDB2901F2EBEC400759928 /* MainNavigationController.h */,
				7FCDB2911F2EBEC400759928 /* MainNavigationController.m */,
				7FCDB2931F2EC07A00759928 /* UITabBarController+YZBim.h */,
				7FCDB2941F2EC07A00759928 /* UITabBarController+YZBim.m */,
			);
			name = main;
			sourceTree = "<group>";
		};
		7FCDB2891F2EBD4200759928 /* Global */ = {
			isa = PBXGroup;
			children = (
				7FCDB2F61F2EF13200759928 /* Global.h */,
				7FCDB28A1F2EBD8700759928 /* Constants.h */,
				7FCDB28B1F2EBD8700759928 /* Constants.m */,
				7FCDB28C1F2EBD8700759928 /* Macros.h */,
				7FCDB28D1F2EBD8700759928 /* UtilsMacros.h */,
				7FCDB28E1F2EBD8700759928 /* YZMacros.h */,
			);
			name = Global;
			sourceTree = "<group>";
		};
		7FCDB2A81F2EECC400759928 /* YZDataService */ = {
			isa = PBXGroup;
			children = (
				7FCDB2F31F2EECDC00759928 /* AFNetworkingHelper.h */,
				7FCDB2F41F2EECDC00759928 /* AFNetworkingHelper.m */,
				7FCDB2A91F2EECC400759928 /* BimService.h */,
				7FCDB2AA1F2EECC400759928 /* BimService.m */,
			);
			path = YZDataService;
			sourceTree = "<group>";
		};
		7FCDB2FA1F2EF15000759928 /* SHXPromise */ = {
			isa = PBXGroup;
			children = (
				7FCDB2FB1F2EF15000759928 /* SHXPromise.h */,
				7FCDB2FC1F2EF15000759928 /* SHXPromise.m */,
			);
			path = SHXPromise;
			sourceTree = "<group>";
		};
		7FCDB2FE1F2EF17100759928 /* Underscore */ = {
			isa = PBXGroup;
			children = (
				7FCDB2FF1F2EF17100759928 /* Strings */,
				7FCDB3041F2EF17100759928 /* Underscore+Functional.h */,
				7FCDB3051F2EF17100759928 /* Underscore+Functional.m */,
				7FCDB3061F2EF17100759928 /* Underscore.h */,
				7FCDB3071F2EF17100759928 /* Underscore.m */,
				7FCDB3081F2EF17100759928 /* USArrayWrapper.h */,
				7FCDB3091F2EF17100759928 /* USArrayWrapper.m */,
				7FCDB30A1F2EF17100759928 /* USConstants.h */,
				7FCDB30B1F2EF17100759928 /* USDictionaryWrapper.h */,
				7FCDB30C1F2EF17100759928 /* USDictionaryWrapper.m */,
			);
			path = Underscore;
			sourceTree = "<group>";
		};
		7FCDB2FF1F2EF17100759928 /* Strings */ = {
			isa = PBXGroup;
			children = (
				7FCDB3001F2EF17100759928 /* Underscore+Strings.h */,
				7FCDB3011F2EF17100759928 /* Underscore+Strings.m */,
				7FCDB3021F2EF17100759928 /* USStringWrapper.h */,
				7FCDB3031F2EF17100759928 /* USStringWrapper.m */,
			);
			path = Strings;
			sourceTree = "<group>";
		};
/* End PBXGroup section */

/* Begin PBXNativeTarget section */
		7F06A6A81CE05ADD006B9CA4 /* iPhoneGLASS */ = {
			isa = PBXNativeTarget;
			buildConfigurationList = 7F06A6D61CE05ADD006B9CA4 /* Build configuration list for PBXNativeTarget "iPhoneGLASS" */;
			buildPhases = (
				7F06A6A51CE05ADD006B9CA4 /* Sources */,
				7F06A6A61CE05ADD006B9CA4 /* Frameworks */,
				7F06A6A71CE05ADD006B9CA4 /* Resources */,
			);
			buildRules = (
			);
			dependencies = (
			);
			name = iPhoneGLASS;
			productName = iPhoneGLASS;
			productReference = 7F06A6A91CE05ADD006B9CA4 /* iPhoneGLASS.app */;
			productType = "com.apple.product-type.application";
		};
		7F06A6C11CE05ADD006B9CA4 /* iPhoneGLASSTests */ = {
			isa = PBXNativeTarget;
			buildConfigurationList = 7F06A6D91CE05ADD006B9CA4 /* Build configuration list for PBXNativeTarget "iPhoneGLASSTests" */;
			buildPhases = (
				7F06A6BE1CE05ADD006B9CA4 /* Sources */,
				7F06A6BF1CE05ADD006B9CA4 /* Frameworks */,
				7F06A6C01CE05ADD006B9CA4 /* Resources */,
			);
			buildRules = (
			);
			dependencies = (
				7F06A6C41CE05ADD006B9CA4 /* PBXTargetDependency */,
			);
			name = iPhoneGLASSTests;
			productName = iPhoneGLASSTests;
			productReference = 7F06A6C21CE05ADD006B9CA4 /* iPhoneGLASSTests.xctest */;
			productType = "com.apple.product-type.bundle.unit-test";
		};
		7F06A6CC1CE05ADD006B9CA4 /* iPhoneGLASSUITests */ = {
			isa = PBXNativeTarget;
			buildConfigurationList = 7F06A6DC1CE05ADD006B9CA4 /* Build configuration list for PBXNativeTarget "iPhoneGLASSUITests" */;
			buildPhases = (
				7F06A6C91CE05ADD006B9CA4 /* Sources */,
				7F06A6CA1CE05ADD006B9CA4 /* Frameworks */,
				7F06A6CB1CE05ADD006B9CA4 /* Resources */,
			);
			buildRules = (
			);
			dependencies = (
				7F06A6CF1CE05ADD006B9CA4 /* PBXTargetDependency */,
			);
			name = iPhoneGLASSUITests;
			productName = iPhoneGLASSUITests;
			productReference = 7F06A6CD1CE05ADD006B9CA4 /* iPhoneGLASSUITests.xctest */;
			productType = "com.apple.product-type.bundle.ui-testing";
		};
/* End PBXNativeTarget section */

/* Begin PBXProject section */
		7F06A6A11CE05ADD006B9CA4 /* Project object */ = {
			isa = PBXProject;
			attributes = {
				LastUpgradeCheck = 0720;
				ORGANIZATIONNAME = Yizhu;
				TargetAttributes = {
					7F06A6A81CE05ADD006B9CA4 = {
						CreatedOnToolsVersion = 7.2.1;
						DevelopmentTeam = 57CNB6KP3B;
						ProvisioningStyle = Manual;
					};
					7F06A6C11CE05ADD006B9CA4 = {
						CreatedOnToolsVersion = 7.2.1;
						TestTargetID = 7F06A6A81CE05ADD006B9CA4;
					};
					7F06A6CC1CE05ADD006B9CA4 = {
						CreatedOnToolsVersion = 7.2.1;
						TestTargetID = 7F06A6A81CE05ADD006B9CA4;
					};
				};
			};
			buildConfigurationList = 7F06A6A41CE05ADD006B9CA4 /* Build configuration list for PBXProject "iPhoneGLASS" */;
			compatibilityVersion = "Xcode 3.2";
			developmentRegion = English;
			hasScannedForEncodings = 0;
			knownRegions = (
				en,
				Base,
			);
			mainGroup = 7F06A6A01CE05ADD006B9CA4;
			productRefGroup = 7F06A6AA1CE05ADD006B9CA4 /* Products */;
			projectDirPath = "";
			projectRoot = "";
			targets = (
				7F06A6A81CE05ADD006B9CA4 /* iPhoneGLASS */,
				7F06A6C11CE05ADD006B9CA4 /* iPhoneGLASSTests */,
				7F06A6CC1CE05ADD006B9CA4 /* iPhoneGLASSUITests */,
			);
		};
/* End PBXProject section */

/* Begin PBXResourcesBuildPhase section */
		7F06A6A71CE05ADD006B9CA4 /* Resources */ = {
			isa = PBXResourcesBuildPhase;
			buildActionMask = 2147483647;
			files = (
				7FCDB27E1F2DC2F200759928 /* tab_write@3x.png in Resources */,
				7F49C17C1D12818400E56023 /* OrderPreViewViewController.xib in Resources */,
				7FC224BB1CFD651A00CCBD85 /* ListHeadView.xib in Resources */,
				7F06A6F01CEAF101006B9CA4 /* WWLoadVC.xib in Resources */,
				7F06A6BC1CE05ADD006B9CA4 /* LaunchScreen.storyboard in Resources */,
				7FCDB2881F2DC94700759928 /* tab_write_s@3x.png in Resources */,
				7FCDB2A01F2EC18A00759928 /* tab_more@2x.png in Resources */,
				7FCDB27D1F2DC2F200759928 /* tab_write@2x.png in Resources */,
				7F0E98CF1CFEB1800051C503 /* ResultCell.xib in Resources */,
				7FCDB2781F2DC0B100759928 /* btn_logo@3x.png in Resources */,
				7FCDB2761F2DC0B100759928 /* btn_logo.png in Resources */,
				7F49C16D1D11096000E56023 /* GlassTableViewCell.xib in Resources */,
				7F06A6B91CE05ADD006B9CA4 /* Assets.xcassets in Resources */,
				7FCDB32A1F2F0F8E00759928 /* MoreTableCell.xib in Resources */,
				7FCDB2871F2DC94700759928 /* tab_write_s@2x.png in Resources */,
				7FCDB29D1F2EC18A00759928 /* tab_more_s@2x.png in Resources */,
				7FCDB27C1F2DC2F200759928 /* tab_write.png in Resources */,
				7FCDB29E1F2EC18A00759928 /* tab_more_s@3x.png in Resources */,
				7F0E98C51CFE90DC0051C503 /* ScanViewController.xib in Resources */,
				7FCDB2771F2DC0B100759928 /* btn_logo@2x.png in Resources */,
				7FC224CB1CFD84F400CCBD85 /* SearchTVC.storyboard in Resources */,
				7FCDB29C1F2EC18A00759928 /* tab_more_s.png in Resources */,
				7FAD3B491F2AF31400935E48 /* add_green.png in Resources */,
				7FCDB2A11F2EC18A00759928 /* tab_more@3x.png in Resources */,
				7F0E99101CFED9B90051C503 /* MJRefresh.bundle in Resources */,
				7F0E98CA1CFEAFF10051C503 /* ResultViewController.xib in Resources */,
				7F23D0441D100DBB002DB08D /* HeadView.xib in Resources */,
				7FAD3B4A1F2AF31400935E48 /* call.png in Resources */,
				7FC224C01CFD68A700CCBD85 /* ListTableViewCell.xib in Resources */,
				7FCDB29F1F2EC18A00759928 /* tab_more.png in Resources */,
				7FCDB2861F2DC94700759928 /* tab_write_s.png in Resources */,
				7FC224B61CFD60FD00CCBD85 /* List.plist in Resources */,
				7FCDB3251F2F071A00759928 /* RegistViewController.xib in Resources */,
			);
			runOnlyForDeploymentPostprocessing = 0;
		};
		7F06A6C01CE05ADD006B9CA4 /* Resources */ = {
			isa = PBXResourcesBuildPhase;
			buildActionMask = 2147483647;
			files = (
			);
			runOnlyForDeploymentPostprocessing = 0;
		};
		7F06A6CB1CE05ADD006B9CA4 /* Resources */ = {
			isa = PBXResourcesBuildPhase;
			buildActionMask = 2147483647;
			files = (
			);
			runOnlyForDeploymentPostprocessing = 0;
		};
/* End PBXResourcesBuildPhase section */

/* Begin PBXSourcesBuildPhase section */
		7F06A6A51CE05ADD006B9CA4 /* Sources */ = {
			isa = PBXSourcesBuildPhase;
			buildActionMask = 2147483647;
			files = (
				7FCDB2DB1F2EECC400759928 /* BimService.m in Sources */,
				7FCDB2FD1F2EF15000759928 /* SHXPromise.m in Sources */,
				7F9904511CEB19EF0039AAD5 /* MoreTVC.m in Sources */,
				7FCDB28F1F2EBD8700759928 /* Constants.m in Sources */,
				7F0E990F1CFED9B90051C503 /* MJRefreshStateHeader.m in Sources */,
				7FCDB30D1F2EF17100759928 /* Underscore+Strings.m in Sources */,
				7F60CC541D2A35BD00A53799 /* FMDatabaseAdditions.m in Sources */,
				7FCDB30F1F2EF17100759928 /* Underscore+Functional.m in Sources */,
				7F60CC561D2A35BD00A53799 /* FMDatabaseQueue.m in Sources */,
				7FC224C91CFD84A100CCBD85 /* SearchTVC.m in Sources */,
				7FC224BF1CFD68A700CCBD85 /* ListTableViewCell.m in Sources */,
				7F0E99121CFED9B90051C503 /* UIScrollView+MJExtension.m in Sources */,
				7F06A6E51CEAEB90006B9CA4 /* OrderTVC.m in Sources */,
				7F0E99091CFED9B90051C503 /* MJRefreshAutoStateFooter.m in Sources */,
				7FCDB32E1F2F6D5F00759928 /* NSDate+YZBim.m in Sources */,
				7F0E98C41CFE90DC0051C503 /* ScanViewController.m in Sources */,
				7F0E990C1CFED9B90051C503 /* MJRefreshBackStateFooter.m in Sources */,
				7FCDB2821F2DC41800759928 /* WriteInViewController.m in Sources */,
				7F0E99021CFED9B90051C503 /* MJRefreshAutoFooter.m in Sources */,
				6A9127731D4B42C6000E065D /* YYKVStorage.m in Sources */,
				7F0E99061CFED9B90051C503 /* MJRefreshHeader.m in Sources */,
				7F0E99071CFED9B90051C503 /* MJRefreshAutoGifFooter.m in Sources */,
				7F60CC551D2A35BD00A53799 /* FMDatabasePool.m in Sources */,
				7FC224C31CFD6A7900CCBD85 /* ListModel.m in Sources */,
				7FCDB3121F2EF17100759928 /* USDictionaryWrapper.m in Sources */,
				7FCDB2F51F2EECDC00759928 /* AFNetworkingHelper.m in Sources */,
				7FC224C61CFD6AC600CCBD85 /* NSDictionary+PropertyCode.m in Sources */,
				7FDD6AC31F2F722B00599005 /* Utils.m in Sources */,
				7FCDB3241F2F071A00759928 /* RegistViewController.m in Sources */,
				6A9127741D4B42C6000E065D /* YYMemoryCache.m in Sources */,
				7F0E98D41CFED2EA0051C503 /* MBProgressHUD.m in Sources */,
				6A9127711D4B42C6000E065D /* YYCache.m in Sources */,
				7F0E98B81CFE7F5E0051C503 /* STConst.m in Sources */,
				7F667A1F1D6E84F8009E0105 /* ListHeadModel.m in Sources */,
				7F06A6B11CE05ADD006B9CA4 /* AppDelegate.m in Sources */,
				7F9904401CEAFF080039AAD5 /* MainTabBarController.m in Sources */,
				7F0E98AC1CFE7E8F0051C503 /* NSCalendar+ST.m in Sources */,
				7F0E990A1CFED9B90051C503 /* MJRefreshBackGifFooter.m in Sources */,
				7F0E990E1CFED9B90051C503 /* MJRefreshNormalHeader.m in Sources */,
				7FCDB3291F2F0F8E00759928 /* MoreTableCell.m in Sources */,
				7FCDB2921F2EBEC400759928 /* MainNavigationController.m in Sources */,
				7F0E99051CFED9B90051C503 /* MJRefreshFooter.m in Sources */,
				7F0E99081CFED9B90051C503 /* MJRefreshAutoNormalFooter.m in Sources */,
				7FCDB2A41F2ED46D00759928 /* HomeViewController.m in Sources */,
				7F0E98B11CFE7F120051C503 /* STToolbar.m in Sources */,
				7F0E99031CFED9B90051C503 /* MJRefreshBackFooter.m in Sources */,
				7F99044A1CEB04D50039AAD5 /* WWLoadTextField.m in Sources */,
				7F667A0E1D6AF678009E0105 /* AFURLRequestSerialization.m in Sources */,
				7F49C17B1D12818400E56023 /* OrderPreViewViewController.m in Sources */,
				7F667A0F1D6AF678009E0105 /* AFURLResponseSerialization.m in Sources */,
				7F06A6EF1CEAF101006B9CA4 /* WWLoadVC.m in Sources */,
				7F0E99111CFED9B90051C503 /* MJRefreshConst.m in Sources */,
				7F0E990D1CFED9B90051C503 /* MJRefreshGifHeader.m in Sources */,
				7F23D0421D100DB1002DB08D /* HeadView.m in Sources */,
				7F60CC531D2A35BD00A53799 /* FMDatabase.m in Sources */,
				7F0E990B1CFED9B90051C503 /* MJRefreshBackNormalFooter.m in Sources */,
				7FCDB2A71F2ED5D200759928 /* HomeCollectionCell.m in Sources */,
				7FC224B91CFD651100CCBD85 /* ListHeadView.m in Sources */,
				7F49C16C1D11096000E56023 /* GlassTableViewCell.m in Sources */,
				7F0E99141CFED9B90051C503 /* UIView+MJExtension.m in Sources */,
				7F0E99131CFED9B90051C503 /* UIScrollView+MJRefresh.m in Sources */,
				7F667A0C1D6AF678009E0105 /* AFNetworkReachabilityManager.m in Sources */,
				7F0E98C91CFEAFF10051C503 /* ResultViewController.m in Sources */,
				7F0E98CE1CFEB1800051C503 /* ResultCell.m in Sources */,
				7F0E98AD1CFE7E8F0051C503 /* STPickerDate.m in Sources */,
				7F0E98B91CFE7F5E0051C503 /* STUI.m in Sources */,
				7F667A0B1D6AF678009E0105 /* AFHTTPSessionManager.m in Sources */,
				7FCDB3101F2EF17100759928 /* Underscore.m in Sources */,
				6A6AEB8D1D61A2D200265420 /* YTKKeyValueStore.m in Sources */,
				7F667A0D1D6AF678009E0105 /* AFSecurityPolicy.m in Sources */,
				6A9127721D4B42C6000E065D /* YYDiskCache.m in Sources */,
				7F667A101D6AF678009E0105 /* AFURLSessionManager.m in Sources */,
				7FCDB3111F2EF17100759928 /* USArrayWrapper.m in Sources */,
				7F60CC571D2A35BD00A53799 /* FMResultSet.m in Sources */,
				7F0E99041CFED9B90051C503 /* MJRefreshComponent.m in Sources */,
				7FCDB30E1F2EF17100759928 /* USStringWrapper.m in Sources */,
				7F0E98BA1CFE7F5E0051C503 /* UIView+ST.m in Sources */,
				7F06A6AE1CE05ADD006B9CA4 /* main.m in Sources */,
				7FCDB2951F2EC07A00759928 /* UITabBarController+YZBim.m in Sources */,
				7F4C9F061D49E0760072F43C /* AboutViewController.m in Sources */,
				7F9904471CEB03B40039AAD5 /* ListTVC.m in Sources */,
			);
			runOnlyForDeploymentPostprocessing = 0;
		};
		7F06A6BE1CE05ADD006B9CA4 /* Sources */ = {
			isa = PBXSourcesBuildPhase;
			buildActionMask = 2147483647;
			files = (
				7F06A6C71CE05ADD006B9CA4 /* iPhoneGLASSTests.m in Sources */,
			);
			runOnlyForDeploymentPostprocessing = 0;
		};
		7F06A6C91CE05ADD006B9CA4 /* Sources */ = {
			isa = PBXSourcesBuildPhase;
			buildActionMask = 2147483647;
			files = (
				7F06A6D21CE05ADD006B9CA4 /* iPhoneGLASSUITests.m in Sources */,
			);
			runOnlyForDeploymentPostprocessing = 0;
		};
/* End PBXSourcesBuildPhase section */

/* Begin PBXTargetDependency section */
		7F06A6C41CE05ADD006B9CA4 /* PBXTargetDependency */ = {
			isa = PBXTargetDependency;
			target = 7F06A6A81CE05ADD006B9CA4 /* iPhoneGLASS */;
			targetProxy = 7F06A6C31CE05ADD006B9CA4 /* PBXContainerItemProxy */;
		};
		7F06A6CF1CE05ADD006B9CA4 /* PBXTargetDependency */ = {
			isa = PBXTargetDependency;
			target = 7F06A6A81CE05ADD006B9CA4 /* iPhoneGLASS */;
			targetProxy = 7F06A6CE1CE05ADD006B9CA4 /* PBXContainerItemProxy */;
		};
/* End PBXTargetDependency section */

/* Begin PBXVariantGroup section */
		7F06A6BA1CE05ADD006B9CA4 /* LaunchScreen.storyboard */ = {
			isa = PBXVariantGroup;
			children = (
				7F06A6BB1CE05ADD006B9CA4 /* Base */,
			);
			name = LaunchScreen.storyboard;
			sourceTree = "<group>";
		};
/* End PBXVariantGroup section */

/* Begin XCBuildConfiguration section */
		7F06A6D41CE05ADD006B9CA4 /* Debug */ = {
			isa = XCBuildConfiguration;
			buildSettings = {
				ALWAYS_SEARCH_USER_PATHS = NO;
				CLANG_CXX_LANGUAGE_STANDARD = "gnu++0x";
				CLANG_CXX_LIBRARY = "libc++";
				CLANG_ENABLE_MODULES = YES;
				CLANG_ENABLE_OBJC_ARC = YES;
				CLANG_WARN_BOOL_CONVERSION = YES;
				CLANG_WARN_CONSTANT_CONVERSION = YES;
				CLANG_WARN_DIRECT_OBJC_ISA_USAGE = YES_ERROR;
				CLANG_WARN_EMPTY_BODY = YES;
				CLANG_WARN_ENUM_CONVERSION = YES;
				CLANG_WARN_INT_CONVERSION = YES;
				CLANG_WARN_OBJC_ROOT_CLASS = YES_ERROR;
				CLANG_WARN_UNREACHABLE_CODE = YES;
				CLANG_WARN__DUPLICATE_METHOD_MATCH = YES;
				"CODE_SIGN_IDENTITY[sdk=iphoneos*]" = "iPhone Developer";
				COPY_PHASE_STRIP = NO;
				DEBUG_INFORMATION_FORMAT = dwarf;
				ENABLE_STRICT_OBJC_MSGSEND = YES;
				ENABLE_TESTABILITY = YES;
				GCC_C_LANGUAGE_STANDARD = gnu99;
				GCC_DYNAMIC_NO_PIC = NO;
				GCC_NO_COMMON_BLOCKS = YES;
				GCC_OPTIMIZATION_LEVEL = 0;
				GCC_PREPROCESSOR_DEFINITIONS = (
					"DEBUG=1",
					"$(inherited)",
				);
				GCC_WARN_64_TO_32_BIT_CONVERSION = YES;
				GCC_WARN_ABOUT_RETURN_TYPE = YES_ERROR;
				GCC_WARN_UNDECLARED_SELECTOR = YES;
				GCC_WARN_UNINITIALIZED_AUTOS = YES_AGGRESSIVE;
				GCC_WARN_UNUSED_FUNCTION = YES;
				GCC_WARN_UNUSED_VARIABLE = YES;
				IPHONEOS_DEPLOYMENT_TARGET = 7.1;
				MTL_ENABLE_DEBUG_INFO = YES;
				ONLY_ACTIVE_ARCH = YES;
				SDKROOT = iphoneos;
				TARGETED_DEVICE_FAMILY = "1,2";
			};
			name = Debug;
		};
		7F06A6D51CE05ADD006B9CA4 /* Release */ = {
			isa = XCBuildConfiguration;
			buildSettings = {
				ALWAYS_SEARCH_USER_PATHS = NO;
				CLANG_CXX_LANGUAGE_STANDARD = "gnu++0x";
				CLANG_CXX_LIBRARY = "libc++";
				CLANG_ENABLE_MODULES = YES;
				CLANG_ENABLE_OBJC_ARC = YES;
				CLANG_WARN_BOOL_CONVERSION = YES;
				CLANG_WARN_CONSTANT_CONVERSION = YES;
				CLANG_WARN_DIRECT_OBJC_ISA_USAGE = YES_ERROR;
				CLANG_WARN_EMPTY_BODY = YES;
				CLANG_WARN_ENUM_CONVERSION = YES;
				CLANG_WARN_INT_CONVERSION = YES;
				CLANG_WARN_OBJC_ROOT_CLASS = YES_ERROR;
				CLANG_WARN_UNREACHABLE_CODE = YES;
				CLANG_WARN__DUPLICATE_METHOD_MATCH = YES;
				"CODE_SIGN_IDENTITY[sdk=iphoneos*]" = "iPhone Developer";
				COPY_PHASE_STRIP = NO;
				DEBUG_INFORMATION_FORMAT = "dwarf-with-dsym";
				ENABLE_NS_ASSERTIONS = NO;
				ENABLE_STRICT_OBJC_MSGSEND = YES;
				GCC_C_LANGUAGE_STANDARD = gnu99;
				GCC_NO_COMMON_BLOCKS = YES;
				GCC_WARN_64_TO_32_BIT_CONVERSION = YES;
				GCC_WARN_ABOUT_RETURN_TYPE = YES_ERROR;
				GCC_WARN_UNDECLARED_SELECTOR = YES;
				GCC_WARN_UNINITIALIZED_AUTOS = YES_AGGRESSIVE;
				GCC_WARN_UNUSED_FUNCTION = YES;
				GCC_WARN_UNUSED_VARIABLE = YES;
				IPHONEOS_DEPLOYMENT_TARGET = 7.1;
				MTL_ENABLE_DEBUG_INFO = NO;
				SDKROOT = iphoneos;
				TARGETED_DEVICE_FAMILY = "1,2";
				VALIDATE_PRODUCT = YES;
			};
			name = Release;
		};
		7F06A6D71CE05ADD006B9CA4 /* Debug */ = {
			isa = XCBuildConfiguration;
			buildSettings = {
				ASSETCATALOG_COMPILER_APPICON_NAME = AppIcon;
				CODE_SIGN_IDENTITY = "iPhone Developer";
				"CODE_SIGN_IDENTITY[sdk=iphoneos*]" = "iPhone Developer";
				DEVELOPMENT_TEAM = 57CNB6KP3B;
				GCC_PRECOMPILE_PREFIX_HEADER = YES;
				GCC_PREFIX_HEADER = "$(SRCROOT)/iPhoneGLASS/PrefixHeader.pch";
				INFOPLIST_FILE = iPhoneGLASS/Info.plist;
				LD_RUNPATH_SEARCH_PATHS = "$(inherited) @executable_path/Frameworks";
				PRODUCT_BUNDLE_IDENTIFIER = com.heping.iPhoneGLASS;
				PRODUCT_NAME = "$(TARGET_NAME)";
				PROVISIONING_PROFILE = "0f6a86b9-9ea1-42e0-8bc1-0e972326660f";
				PROVISIONING_PROFILE_SPECIFIER = hpDev;
				TARGETED_DEVICE_FAMILY = 1;
			};
			name = Debug;
		};
		7F06A6D81CE05ADD006B9CA4 /* Release */ = {
			isa = XCBuildConfiguration;
			buildSettings = {
				ASSETCATALOG_COMPILER_APPICON_NAME = AppIcon;
				CODE_SIGN_IDENTITY = "iPhone Developer";
				"CODE_SIGN_IDENTITY[sdk=iphoneos*]" = "iPhone Distribution";
				DEVELOPMENT_TEAM = 57CNB6KP3B;
				GCC_PRECOMPILE_PREFIX_HEADER = YES;
				GCC_PREFIX_HEADER = "$(SRCROOT)/iPhoneGLASS/PrefixHeader.pch";
				INFOPLIST_FILE = iPhoneGLASS/Info.plist;
				LD_RUNPATH_SEARCH_PATHS = "$(inherited) @executable_path/Frameworks";
				PRODUCT_BUNDLE_IDENTIFIER = com.heping.iPhoneGLASS;
				PRODUCT_NAME = "$(TARGET_NAME)";
				PROVISIONING_PROFILE = "fa666635-b477-4b8b-b6ae-4b78f8ca066a";
				PROVISIONING_PROFILE_SPECIFIER = hpDis;
				TARGETED_DEVICE_FAMILY = 1;
			};
			name = Release;
		};
		7F06A6DA1CE05ADD006B9CA4 /* Debug */ = {
			isa = XCBuildConfiguration;
			buildSettings = {
				BUNDLE_LOADER = "$(TEST_HOST)";
				INFOPLIST_FILE = iPhoneGLASSTests/Info.plist;
				LD_RUNPATH_SEARCH_PATHS = "$(inherited) @executable_path/Frameworks @loader_path/Frameworks";
				PRODUCT_BUNDLE_IDENTIFIER = net.ezbim.iPhoneGLASSTests;
				PRODUCT_NAME = "$(TARGET_NAME)";
				TEST_HOST = "$(BUILT_PRODUCTS_DIR)/iPhoneGLASS.app/iPhoneGLASS";
			};
			name = Debug;
		};
		7F06A6DB1CE05ADD006B9CA4 /* Release */ = {
			isa = XCBuildConfiguration;
			buildSettings = {
				BUNDLE_LOADER = "$(TEST_HOST)";
				INFOPLIST_FILE = iPhoneGLASSTests/Info.plist;
				LD_RUNPATH_SEARCH_PATHS = "$(inherited) @executable_path/Frameworks @loader_path/Frameworks";
				PRODUCT_BUNDLE_IDENTIFIER = net.ezbim.iPhoneGLASSTests;
				PRODUCT_NAME = "$(TARGET_NAME)";
				TEST_HOST = "$(BUILT_PRODUCTS_DIR)/iPhoneGLASS.app/iPhoneGLASS";
			};
			name = Release;
		};
		7F06A6DD1CE05ADD006B9CA4 /* Debug */ = {
			isa = XCBuildConfiguration;
			buildSettings = {
				INFOPLIST_FILE = iPhoneGLASSUITests/Info.plist;
				LD_RUNPATH_SEARCH_PATHS = "$(inherited) @executable_path/Frameworks @loader_path/Frameworks";
				PRODUCT_BUNDLE_IDENTIFIER = net.ezbim.iPhoneGLASSUITests;
				PRODUCT_NAME = "$(TARGET_NAME)";
				TEST_TARGET_NAME = iPhoneGLASS;
				USES_XCTRUNNER = YES;
			};
			name = Debug;
		};
		7F06A6DE1CE05ADD006B9CA4 /* Release */ = {
			isa = XCBuildConfiguration;
			buildSettings = {
				INFOPLIST_FILE = iPhoneGLASSUITests/Info.plist;
				LD_RUNPATH_SEARCH_PATHS = "$(inherited) @executable_path/Frameworks @loader_path/Frameworks";
				PRODUCT_BUNDLE_IDENTIFIER = net.ezbim.iPhoneGLASSUITests;
				PRODUCT_NAME = "$(TARGET_NAME)";
				TEST_TARGET_NAME = iPhoneGLASS;
				USES_XCTRUNNER = YES;
			};
			name = Release;
		};
/* End XCBuildConfiguration section */

/* Begin XCConfigurationList section */
		7F06A6A41CE05ADD006B9CA4 /* Build configuration list for PBXProject "iPhoneGLASS" */ = {
			isa = XCConfigurationList;
			buildConfigurations = (
				7F06A6D41CE05ADD006B9CA4 /* Debug */,
				7F06A6D51CE05ADD006B9CA4 /* Release */,
			);
			defaultConfigurationIsVisible = 0;
			defaultConfigurationName = Release;
		};
		7F06A6D61CE05ADD006B9CA4 /* Build configuration list for PBXNativeTarget "iPhoneGLASS" */ = {
			isa = XCConfigurationList;
			buildConfigurations = (
				7F06A6D71CE05ADD006B9CA4 /* Debug */,
				7F06A6D81CE05ADD006B9CA4 /* Release */,
			);
			defaultConfigurationIsVisible = 0;
			defaultConfigurationName = Release;
		};
		7F06A6D91CE05ADD006B9CA4 /* Build configuration list for PBXNativeTarget "iPhoneGLASSTests" */ = {
			isa = XCConfigurationList;
			buildConfigurations = (
				7F06A6DA1CE05ADD006B9CA4 /* Debug */,
				7F06A6DB1CE05ADD006B9CA4 /* Release */,
			);
			defaultConfigurationIsVisible = 0;
			defaultConfigurationName = Release;
		};
		7F06A6DC1CE05ADD006B9CA4 /* Build configuration list for PBXNativeTarget "iPhoneGLASSUITests" */ = {
			isa = XCConfigurationList;
			buildConfigurations = (
				7F06A6DD1CE05ADD006B9CA4 /* Debug */,
				7F06A6DE1CE05ADD006B9CA4 /* Release */,
			);
			defaultConfigurationIsVisible = 0;
			defaultConfigurationName = Release;
		};
/* End XCConfigurationList section */
	};
	rootObject = 7F06A6A11CE05ADD006B9CA4 /* Project object */;
}
